// !$*UTF8*$!
{
	archiveVersion = 1;
	classes = {
	};
	objectVersion = 46;
	objects = {

/* Begin PBXBuildFile section */
		184B6C8D1CF68BD300C92A2D /* AccountCell.m in Sources */ = {isa = PBXBuildFile; fileRef = 184B6C8A1CF68BD300C92A2D /* AccountCell.m */; };
		184B6C8E1CF68BD300C92A2D /* NoDataCell.m in Sources */ = {isa = PBXBuildFile; fileRef = 184B6C8C1CF68BD300C92A2D /* NoDataCell.m */; };
		184B6C941CF6C78B00C92A2D /* ALWGenericFunction.m in Sources */ = {isa = PBXBuildFile; fileRef = 184B6C931CF6C78B00C92A2D /* ALWGenericFunction.m */; };
		18FBCF5C1CF7D6D0002370CE /* ALWZYLayer.m in Sources */ = {isa = PBXBuildFile; fileRef = 18FBCF5B1CF7D6D0002370CE /* ALWZYLayer.m */; };
		2E0083161C6479CA00BAA074 /* main.m in Sources */ = {isa = PBXBuildFile; fileRef = 2E0083151C6479CA00BAA074 /* main.m */; };
		2E0083191C6479CA00BAA074 /* AppDelegate.m in Sources */ = {isa = PBXBuildFile; fileRef = 2E0083181C6479CA00BAA074 /* AppDelegate.m */; };
		2E0083241C6479CA00BAA074 /* LaunchScreen.storyboard in Resources */ = {isa = PBXBuildFile; fileRef = 2E0083221C6479CA00BAA074 /* LaunchScreen.storyboard */; };
		2E00832F1C6479CA00BAA074 /* MiNoteTests.m in Sources */ = {isa = PBXBuildFile; fileRef = 2E00832E1C6479CA00BAA074 /* MiNoteTests.m */; };
		2E00833A1C6479CA00BAA074 /* MiNoteUITests.m in Sources */ = {isa = PBXBuildFile; fileRef = 2E0083391C6479CA00BAA074 /* MiNoteUITests.m */; };
		2E5881E31C6C94E700617114 /* libz.tbd in Frameworks */ = {isa = PBXBuildFile; fileRef = 2E5881E21C6C94E700617114 /* libz.tbd */; };
		2E5881E51C6C94F100617114 /* libicucore.tbd in Frameworks */ = {isa = PBXBuildFile; fileRef = 2E5881E41C6C94F100617114 /* libicucore.tbd */; };
		2E5881E71C6C94F800617114 /* MessageUI.framework in Frameworks */ = {isa = PBXBuildFile; fileRef = 2E5881E61C6C94F800617114 /* MessageUI.framework */; };
		2E5881E91C6C950200617114 /* JavaScriptCore.framework in Frameworks */ = {isa = PBXBuildFile; fileRef = 2E5881E81C6C950200617114 /* JavaScriptCore.framework */; };
		2E5881EB1C6C950A00617114 /* libstdc++.tbd in Frameworks */ = {isa = PBXBuildFile; fileRef = 2E5881EA1C6C950A00617114 /* libstdc++.tbd */; };
		3E8442B06C5CB4721A583086 /* libPods.a in Frameworks */ = {isa = PBXBuildFile; fileRef = 31869F2964F93CC010F274FD /* libPods.a */; };
		6101C2721CF5E81A004BBBC8 /* ALWCellDataAdapter.m in Sources */ = {isa = PBXBuildFile; fileRef = 6101C25A1CF5E81A004BBBC8 /* ALWCellDataAdapter.m */; };
		6101C2731CF5E81A004BBBC8 /* ALWBaseNavigationController.m in Sources */ = {isa = PBXBuildFile; fileRef = 6101C25C1CF5E81A004BBBC8 /* ALWBaseNavigationController.m */; };
		6101C2741CF5E81A004BBBC8 /* ALWBaseViewController.m in Sources */ = {isa = PBXBuildFile; fileRef = 6101C25E1CF5E81A004BBBC8 /* ALWBaseViewController.m */; };
		6101C2751CF5E81A004BBBC8 /* ALWBaseViewModel.m in Sources */ = {isa = PBXBuildFile; fileRef = 6101C2601CF5E81A004BBBC8 /* ALWBaseViewModel.m */; };
		6101C2761CF5E81A004BBBC8 /* ALWBasicCell.m in Sources */ = {isa = PBXBuildFile; fileRef = 6101C2621CF5E81A004BBBC8 /* ALWBasicCell.m */; };
		6101C2781CF5E81A004BBBC8 /* NSData+AES.m in Sources */ = {isa = PBXBuildFile; fileRef = 6101C2681CF5E81A004BBBC8 /* NSData+AES.m */; };
		6101C2791CF5E81A004BBBC8 /* ALWPopOverView.m in Sources */ = {isa = PBXBuildFile; fileRef = 6101C26B1CF5E81A004BBBC8 /* ALWPopOverView.m */; };
		6101C27A1CF5E81A004BBBC8 /* ALWZYbutton.m in Sources */ = {isa = PBXBuildFile; fileRef = 6101C26D1CF5E81A004BBBC8 /* ALWZYbutton.m */; };
		6101C27B1CF5E81A004BBBC8 /* ALWZYTextField.m in Sources */ = {isa = PBXBuildFile; fileRef = 6101C26F1CF5E81A004BBBC8 /* ALWZYTextField.m */; };
		6101C27C1CF5E81A004BBBC8 /* ALWClient.m in Sources */ = {isa = PBXBuildFile; fileRef = 6101C2711CF5E81A004BBBC8 /* ALWClient.m */; };
		6101C2851CF5E832004BBBC8 /* SMS_SDKLocalizable.strings in Resources */ = {isa = PBXBuildFile; fileRef = 6101C2801CF5E832004BBBC8 /* SMS_SDKLocalizable.strings */; };
		6101C2861CF5E832004BBBC8 /* MOBFoundation.framework in Frameworks */ = {isa = PBXBuildFile; fileRef = 6101C2821CF5E832004BBBC8 /* MOBFoundation.framework */; };
		6101C2871CF5E832004BBBC8 /* SMS_SDK.framework in Frameworks */ = {isa = PBXBuildFile; fileRef = 6101C2831CF5E832004BBBC8 /* SMS_SDK.framework */; };
		6101C2C51CF5E83B004BBBC8 /* AddAccountModel.m in Sources */ = {isa = PBXBuildFile; fileRef = 6101C28C1CF5E83B004BBBC8 /* AddAccountModel.m */; };
		6101C2CB1CF5E83B004BBBC8 /* ALWZYAddAccountController.m in Sources */ = {isa = PBXBuildFile; fileRef = 6101C2971CF5E83B004BBBC8 /* ALWZYAddAccountController.m */; };
		6101C2CE1CF5E83B004BBBC8 /* ALWZYAddaccountViewModel.m in Sources */ = {isa = PBXBuildFile; fileRef = 6101C29E1CF5E83B004BBBC8 /* ALWZYAddaccountViewModel.m */; };
		6101C2CF1CF5E83B004BBBC8 /* ALWRegisterModel.m in Sources */ = {isa = PBXBuildFile; fileRef = 6101C2A21CF5E83B004BBBC8 /* ALWRegisterModel.m */; };
		6101C2D01CF5E83B004BBBC8 /* ALWRegisterViewController.m in Sources */ = {isa = PBXBuildFile; fileRef = 6101C2A51CF5E83B004BBBC8 /* ALWRegisterViewController.m */; };
		6101C2D21CF5E83B004BBBC8 /* ALWRegisterViewModel.m in Sources */ = {isa = PBXBuildFile; fileRef = 6101C2AA1CF5E83B004BBBC8 /* ALWRegisterViewModel.m */; };
		6101C2D31CF5E83B004BBBC8 /* ALWMainViewSecretModel.m in Sources */ = {isa = PBXBuildFile; fileRef = 6101C2AE1CF5E83B004BBBC8 /* ALWMainViewSecretModel.m */; };
		6101C2D81CF5E83B004BBBC8 /* ALWMainViewController.m in Sources */ = {isa = PBXBuildFile; fileRef = 6101C2B71CF5E83B004BBBC8 /* ALWMainViewController.m */; };
		6101C2DA1CF5E83B004BBBC8 /* ALWMainViewModel.m in Sources */ = {isa = PBXBuildFile; fileRef = 6101C2BC1CF5E83B004BBBC8 /* ALWMainViewModel.m */; };
		6101C2DB1CF5E83B004BBBC8 /* default_icon.png in Resources */ = {isa = PBXBuildFile; fileRef = 6101C2BE1CF5E83B004BBBC8 /* default_icon.png */; };
		6101C2DC1CF5E83B004BBBC8 /* icon_lock@2x.png in Resources */ = {isa = PBXBuildFile; fileRef = 6101C2BF1CF5E83B004BBBC8 /* icon_lock@2x.png */; };
		6101C2DD1CF5E83B004BBBC8 /* icon_lock@3x.png in Resources */ = {isa = PBXBuildFile; fileRef = 6101C2C01CF5E83B004BBBC8 /* icon_lock@3x.png */; };
		6101C2DE1CF5E83B004BBBC8 /* icon_phone@2x.png in Resources */ = {isa = PBXBuildFile; fileRef = 6101C2C11CF5E83B004BBBC8 /* icon_phone@2x.png */; };
		6101C2DF1CF5E83B004BBBC8 /* icon_phone@3x.png in Resources */ = {isa = PBXBuildFile; fileRef = 6101C2C21CF5E83B004BBBC8 /* icon_phone@3x.png */; };
		6101C2E01CF5E83B004BBBC8 /* 刷新.png in Resources */ = {isa = PBXBuildFile; fileRef = 6101C2C31CF5E83B004BBBC8 /* 刷新.png */; };
		6101C2E11CF5E83B004BBBC8 /* 十字.png in Resources */ = {isa = PBXBuildFile; fileRef = 6101C2C41CF5E83B004BBBC8 /* 十字.png */; };
		6101C2E71CF5EC9C004BBBC8 /* Assets.xcassets in Resources */ = {isa = PBXBuildFile; fileRef = 6101C2E61CF5EC9C004BBBC8 /* Assets.xcassets */; };
		6101C2EA1CF5F344004BBBC8 /* UIColor+ALWHexString.m in Sources */ = {isa = PBXBuildFile; fileRef = 6101C2E91CF5F344004BBBC8 /* UIColor+ALWHexString.m */; };
		6101C2ED1CF5F536004BBBC8 /* UIView+ALWHUD.m in Sources */ = {isa = PBXBuildFile; fileRef = 6101C2EC1CF5F536004BBBC8 /* UIView+ALWHUD.m */; };
/* End PBXBuildFile section */

/* Begin PBXContainerItemProxy section */
		2E00832B1C6479CA00BAA074 /* PBXContainerItemProxy */ = {
			isa = PBXContainerItemProxy;
			containerPortal = 2E0083091C6479CA00BAA074 /* Project object */;
			proxyType = 1;
			remoteGlobalIDString = 2E0083101C6479CA00BAA074;
			remoteInfo = MiNote;
		};
		2E0083361C6479CA00BAA074 /* PBXContainerItemProxy */ = {
			isa = PBXContainerItemProxy;
			containerPortal = 2E0083091C6479CA00BAA074 /* Project object */;
			proxyType = 1;
			remoteGlobalIDString = 2E0083101C6479CA00BAA074;
			remoteInfo = MiNote;
		};
/* End PBXContainerItemProxy section */

/* Begin PBXFileReference section */
		184B6C891CF68BD300C92A2D /* AccountCell.h */ = {isa = PBXFileReference; fileEncoding = 4; lastKnownFileType = sourcecode.c.h; path = AccountCell.h; sourceTree = "<group>"; };
		184B6C8A1CF68BD300C92A2D /* AccountCell.m */ = {isa = PBXFileReference; fileEncoding = 4; lastKnownFileType = sourcecode.c.objc; path = AccountCell.m; sourceTree = "<group>"; };
		184B6C8B1CF68BD300C92A2D /* NoDataCell.h */ = {isa = PBXFileReference; fileEncoding = 4; lastKnownFileType = sourcecode.c.h; path = NoDataCell.h; sourceTree = "<group>"; };
		184B6C8C1CF68BD300C92A2D /* NoDataCell.m */ = {isa = PBXFileReference; fileEncoding = 4; lastKnownFileType = sourcecode.c.objc; path = NoDataCell.m; sourceTree = "<group>"; };
		184B6C921CF6C78B00C92A2D /* ALWGenericFunction.h */ = {isa = PBXFileReference; fileEncoding = 4; lastKnownFileType = sourcecode.c.h; path = ALWGenericFunction.h; sourceTree = "<group>"; };
		184B6C931CF6C78B00C92A2D /* ALWGenericFunction.m */ = {isa = PBXFileReference; fileEncoding = 4; lastKnownFileType = sourcecode.c.objc; path = ALWGenericFunction.m; sourceTree = "<group>"; };
		18FBCF5A1CF7D6D0002370CE /* ALWZYLayer.h */ = {isa = PBXFileReference; fileEncoding = 4; lastKnownFileType = sourcecode.c.h; path = ALWZYLayer.h; sourceTree = "<group>"; };
		18FBCF5B1CF7D6D0002370CE /* ALWZYLayer.m */ = {isa = PBXFileReference; fileEncoding = 4; lastKnownFileType = sourcecode.c.objc; path = ALWZYLayer.m; sourceTree = "<group>"; };
		2989407DF6C48D9C0A7345A6 /* Pods.debug.xcconfig */ = {isa = PBXFileReference; includeInIndex = 1; lastKnownFileType = text.xcconfig; name = Pods.debug.xcconfig; path = "Pods/Target Support Files/Pods/Pods.debug.xcconfig"; sourceTree = "<group>"; };
		2E0083111C6479CA00BAA074 /* MiNote.app */ = {isa = PBXFileReference; explicitFileType = wrapper.application; includeInIndex = 0; path = MiNote.app; sourceTree = BUILT_PRODUCTS_DIR; };
		2E0083151C6479CA00BAA074 /* main.m */ = {isa = PBXFileReference; lastKnownFileType = sourcecode.c.objc; path = main.m; sourceTree = "<group>"; };
		2E0083171C6479CA00BAA074 /* AppDelegate.h */ = {isa = PBXFileReference; lastKnownFileType = sourcecode.c.h; path = AppDelegate.h; sourceTree = "<group>"; };
		2E0083181C6479CA00BAA074 /* AppDelegate.m */ = {isa = PBXFileReference; lastKnownFileType = sourcecode.c.objc; path = AppDelegate.m; sourceTree = "<group>"; };
		2E0083231C6479CA00BAA074 /* Base */ = {isa = PBXFileReference; lastKnownFileType = file.storyboard; name = Base; path = Base.lproj/LaunchScreen.storyboard; sourceTree = "<group>"; };
		2E0083251C6479CA00BAA074 /* Info.plist */ = {isa = PBXFileReference; lastKnownFileType = text.plist.xml; path = Info.plist; sourceTree = "<group>"; };
		2E00832A1C6479CA00BAA074 /* MiNoteTests.xctest */ = {isa = PBXFileReference; explicitFileType = wrapper.cfbundle; includeInIndex = 0; path = MiNoteTests.xctest; sourceTree = BUILT_PRODUCTS_DIR; };
		2E00832E1C6479CA00BAA074 /* MiNoteTests.m */ = {isa = PBXFileReference; lastKnownFileType = sourcecode.c.objc; path = MiNoteTests.m; sourceTree = "<group>"; };
		2E0083301C6479CA00BAA074 /* Info.plist */ = {isa = PBXFileReference; lastKnownFileType = text.plist.xml; path = Info.plist; sourceTree = "<group>"; };
		2E0083351C6479CA00BAA074 /* MiNoteUITests.xctest */ = {isa = PBXFileReference; explicitFileType = wrapper.cfbundle; includeInIndex = 0; path = MiNoteUITests.xctest; sourceTree = BUILT_PRODUCTS_DIR; };
		2E0083391C6479CA00BAA074 /* MiNoteUITests.m */ = {isa = PBXFileReference; lastKnownFileType = sourcecode.c.objc; path = MiNoteUITests.m; sourceTree = "<group>"; };
		2E00833B1C6479CA00BAA074 /* Info.plist */ = {isa = PBXFileReference; lastKnownFileType = text.plist.xml; path = Info.plist; sourceTree = "<group>"; };
		2E5881E21C6C94E700617114 /* libz.tbd */ = {isa = PBXFileReference; lastKnownFileType = "sourcecode.text-based-dylib-definition"; name = libz.tbd; path = usr/lib/libz.tbd; sourceTree = SDKROOT; };
		2E5881E41C6C94F100617114 /* libicucore.tbd */ = {isa = PBXFileReference; lastKnownFileType = "sourcecode.text-based-dylib-definition"; name = libicucore.tbd; path = usr/lib/libicucore.tbd; sourceTree = SDKROOT; };
		2E5881E61C6C94F800617114 /* MessageUI.framework */ = {isa = PBXFileReference; lastKnownFileType = wrapper.framework; name = MessageUI.framework; path = System/Library/Frameworks/MessageUI.framework; sourceTree = SDKROOT; };
		2E5881E81C6C950200617114 /* JavaScriptCore.framework */ = {isa = PBXFileReference; lastKnownFileType = wrapper.framework; name = JavaScriptCore.framework; path = System/Library/Frameworks/JavaScriptCore.framework; sourceTree = SDKROOT; };
		2E5881EA1C6C950A00617114 /* libstdc++.tbd */ = {isa = PBXFileReference; lastKnownFileType = "sourcecode.text-based-dylib-definition"; name = "libstdc++.tbd"; path = "usr/lib/libstdc++.tbd"; sourceTree = SDKROOT; };
		31869F2964F93CC010F274FD /* libPods.a */ = {isa = PBXFileReference; explicitFileType = archive.ar; includeInIndex = 0; path = libPods.a; sourceTree = BUILT_PRODUCTS_DIR; };
		31A9FB3D97F4F5B38987AC2E /* Pods.release.xcconfig */ = {isa = PBXFileReference; includeInIndex = 1; lastKnownFileType = text.xcconfig; name = Pods.release.xcconfig; path = "Pods/Target Support Files/Pods/Pods.release.xcconfig"; sourceTree = "<group>"; };
		6101C2591CF5E81A004BBBC8 /* ALWCellDataAdapter.h */ = {isa = PBXFileReference; fileEncoding = 4; lastKnownFileType = sourcecode.c.h; path = ALWCellDataAdapter.h; sourceTree = "<group>"; };
		6101C25A1CF5E81A004BBBC8 /* ALWCellDataAdapter.m */ = {isa = PBXFileReference; fileEncoding = 4; lastKnownFileType = sourcecode.c.objc; path = ALWCellDataAdapter.m; sourceTree = "<group>"; };
		6101C25B1CF5E81A004BBBC8 /* ALWBaseNavigationController.h */ = {isa = PBXFileReference; fileEncoding = 4; lastKnownFileType = sourcecode.c.h; path = ALWBaseNavigationController.h; sourceTree = "<group>"; };
		6101C25C1CF5E81A004BBBC8 /* ALWBaseNavigationController.m */ = {isa = PBXFileReference; fileEncoding = 4; lastKnownFileType = sourcecode.c.objc; path = ALWBaseNavigationController.m; sourceTree = "<group>"; };
		6101C25D1CF5E81A004BBBC8 /* ALWBaseViewController.h */ = {isa = PBXFileReference; fileEncoding = 4; lastKnownFileType = sourcecode.c.h; path = ALWBaseViewController.h; sourceTree = "<group>"; };
		6101C25E1CF5E81A004BBBC8 /* ALWBaseViewController.m */ = {isa = PBXFileReference; fileEncoding = 4; lastKnownFileType = sourcecode.c.objc; path = ALWBaseViewController.m; sourceTree = "<group>"; };
		6101C25F1CF5E81A004BBBC8 /* ALWBaseViewModel.h */ = {isa = PBXFileReference; fileEncoding = 4; lastKnownFileType = sourcecode.c.h; path = ALWBaseViewModel.h; sourceTree = "<group>"; };
		6101C2601CF5E81A004BBBC8 /* ALWBaseViewModel.m */ = {isa = PBXFileReference; fileEncoding = 4; lastKnownFileType = sourcecode.c.objc; path = ALWBaseViewModel.m; sourceTree = "<group>"; };
		6101C2611CF5E81A004BBBC8 /* ALWBasicCell.h */ = {isa = PBXFileReference; fileEncoding = 4; lastKnownFileType = sourcecode.c.h; path = ALWBasicCell.h; sourceTree = "<group>"; };
		6101C2621CF5E81A004BBBC8 /* ALWBasicCell.m */ = {isa = PBXFileReference; fileEncoding = 4; lastKnownFileType = sourcecode.c.objc; path = ALWBasicCell.m; sourceTree = "<group>"; };
		6101C2631CF5E81A004BBBC8 /* ALWZYReactiveView.h */ = {isa = PBXFileReference; fileEncoding = 4; lastKnownFileType = sourcecode.c.h; path = ALWZYReactiveView.h; sourceTree = "<group>"; };
		6101C2671CF5E81A004BBBC8 /* NSData+AES.h */ = {isa = PBXFileReference; fileEncoding = 4; lastKnownFileType = sourcecode.c.h; path = "NSData+AES.h"; sourceTree = "<group>"; };
		6101C2681CF5E81A004BBBC8 /* NSData+AES.m */ = {isa = PBXFileReference; fileEncoding = 4; lastKnownFileType = sourcecode.c.objc; path = "NSData+AES.m"; sourceTree = "<group>"; };
		6101C26A1CF5E81A004BBBC8 /* ALWPopOverView.h */ = {isa = PBXFileReference; fileEncoding = 4; lastKnownFileType = sourcecode.c.h; path = ALWPopOverView.h; sourceTree = "<group>"; };
		6101C26B1CF5E81A004BBBC8 /* ALWPopOverView.m */ = {isa = PBXFileReference; fileEncoding = 4; lastKnownFileType = sourcecode.c.objc; path = ALWPopOverView.m; sourceTree = "<group>"; };
		6101C26C1CF5E81A004BBBC8 /* ALWZYbutton.h */ = {isa = PBXFileReference; fileEncoding = 4; lastKnownFileType = sourcecode.c.h; path = ALWZYbutton.h; sourceTree = "<group>"; };
		6101C26D1CF5E81A004BBBC8 /* ALWZYbutton.m */ = {isa = PBXFileReference; fileEncoding = 4; lastKnownFileType = sourcecode.c.objc; path = ALWZYbutton.m; sourceTree = "<group>"; };
		6101C26E1CF5E81A004BBBC8 /* ALWZYTextField.h */ = {isa = PBXFileReference; fileEncoding = 4; lastKnownFileType = sourcecode.c.h; path = ALWZYTextField.h; sourceTree = "<group>"; };
		6101C26F1CF5E81A004BBBC8 /* ALWZYTextField.m */ = {isa = PBXFileReference; fileEncoding = 4; lastKnownFileType = sourcecode.c.objc; path = ALWZYTextField.m; sourceTree = "<group>"; };
		6101C2701CF5E81A004BBBC8 /* ALWClient.h */ = {isa = PBXFileReference; fileEncoding = 4; lastKnownFileType = sourcecode.c.h; path = ALWClient.h; sourceTree = "<group>"; };
		6101C2711CF5E81A004BBBC8 /* ALWClient.m */ = {isa = PBXFileReference; fileEncoding = 4; lastKnownFileType = sourcecode.c.objc; path = ALWClient.m; sourceTree = "<group>"; };
		6101C2811CF5E832004BBBC8 /* en */ = {isa = PBXFileReference; lastKnownFileType = text.plist.strings; name = en; path = en.lproj/SMS_SDKLocalizable.strings; sourceTree = "<group>"; };
		6101C2821CF5E832004BBBC8 /* MOBFoundation.framework */ = {isa = PBXFileReference; lastKnownFileType = wrapper.framework; path = MOBFoundation.framework; sourceTree = "<group>"; };
		6101C2831CF5E832004BBBC8 /* SMS_SDK.framework */ = {isa = PBXFileReference; lastKnownFileType = wrapper.framework; path = SMS_SDK.framework; sourceTree = "<group>"; };
		6101C2841CF5E832004BBBC8 /* zh-Hans */ = {isa = PBXFileReference; lastKnownFileType = text.plist.strings; name = "zh-Hans"; path = "zh-Hans.lproj/SMS_SDKLocalizable.strings"; sourceTree = "<group>"; };
		6101C28B1CF5E83B004BBBC8 /* AddAccountModel.h */ = {isa = PBXFileReference; fileEncoding = 4; lastKnownFileType = sourcecode.c.h; path = AddAccountModel.h; sourceTree = "<group>"; };
		6101C28C1CF5E83B004BBBC8 /* AddAccountModel.m */ = {isa = PBXFileReference; fileEncoding = 4; lastKnownFileType = sourcecode.c.objc; path = AddAccountModel.m; sourceTree = "<group>"; };
		6101C2961CF5E83B004BBBC8 /* ALWZYAddAccountController.h */ = {isa = PBXFileReference; fileEncoding = 4; lastKnownFileType = sourcecode.c.h; path = ALWZYAddAccountController.h; sourceTree = "<group>"; };
		6101C2971CF5E83B004BBBC8 /* ALWZYAddAccountController.m */ = {isa = PBXFileReference; fileEncoding = 4; lastKnownFileType = sourcecode.c.objc; path = ALWZYAddAccountController.m; sourceTree = "<group>"; };
		6101C29D1CF5E83B004BBBC8 /* ALWZYAddaccountViewModel.h */ = {isa = PBXFileReference; fileEncoding = 4; lastKnownFileType = sourcecode.c.h; path = ALWZYAddaccountViewModel.h; sourceTree = "<group>"; };
		6101C29E1CF5E83B004BBBC8 /* ALWZYAddaccountViewModel.m */ = {isa = PBXFileReference; fileEncoding = 4; lastKnownFileType = sourcecode.c.objc; path = ALWZYAddaccountViewModel.m; sourceTree = "<group>"; };
		6101C2A11CF5E83B004BBBC8 /* ALWRegisterModel.h */ = {isa = PBXFileReference; fileEncoding = 4; lastKnownFileType = sourcecode.c.h; path = ALWRegisterModel.h; sourceTree = "<group>"; };
		6101C2A21CF5E83B004BBBC8 /* ALWRegisterModel.m */ = {isa = PBXFileReference; fileEncoding = 4; lastKnownFileType = sourcecode.c.objc; path = ALWRegisterModel.m; sourceTree = "<group>"; };
		6101C2A41CF5E83B004BBBC8 /* ALWRegisterViewController.h */ = {isa = PBXFileReference; fileEncoding = 4; lastKnownFileType = sourcecode.c.h; path = ALWRegisterViewController.h; sourceTree = "<group>"; };
		6101C2A51CF5E83B004BBBC8 /* ALWRegisterViewController.m */ = {isa = PBXFileReference; fileEncoding = 4; lastKnownFileType = sourcecode.c.objc; path = ALWRegisterViewController.m; sourceTree = "<group>"; };
		6101C2A91CF5E83B004BBBC8 /* ALWRegisterViewModel.h */ = {isa = PBXFileReference; fileEncoding = 4; lastKnownFileType = sourcecode.c.h; path = ALWRegisterViewModel.h; sourceTree = "<group>"; };
		6101C2AA1CF5E83B004BBBC8 /* ALWRegisterViewModel.m */ = {isa = PBXFileReference; fileEncoding = 4; lastKnownFileType = sourcecode.c.objc; path = ALWRegisterViewModel.m; sourceTree = "<group>"; };
		6101C2AD1CF5E83B004BBBC8 /* ALWMainViewSecretModel.h */ = {isa = PBXFileReference; fileEncoding = 4; lastKnownFileType = sourcecode.c.h; path = ALWMainViewSecretModel.h; sourceTree = "<group>"; };
		6101C2AE1CF5E83B004BBBC8 /* ALWMainViewSecretModel.m */ = {isa = PBXFileReference; fileEncoding = 4; lastKnownFileType = sourcecode.c.objc; path = ALWMainViewSecretModel.m; sourceTree = "<group>"; };
		6101C2B61CF5E83B004BBBC8 /* ALWMainViewController.h */ = {isa = PBXFileReference; fileEncoding = 4; lastKnownFileType = sourcecode.c.h; path = ALWMainViewController.h; sourceTree = "<group>"; };
		6101C2B71CF5E83B004BBBC8 /* ALWMainViewController.m */ = {isa = PBXFileReference; fileEncoding = 4; lastKnownFileType = sourcecode.c.objc; path = ALWMainViewController.m; sourceTree = "<group>"; };
		6101C2BB1CF5E83B004BBBC8 /* ALWMainViewModel.h */ = {isa = PBXFileReference; fileEncoding = 4; lastKnownFileType = sourcecode.c.h; path = ALWMainViewModel.h; sourceTree = "<group>"; };
		6101C2BC1CF5E83B004BBBC8 /* ALWMainViewModel.m */ = {isa = PBXFileReference; fileEncoding = 4; lastKnownFileType = sourcecode.c.objc; path = ALWMainViewModel.m; sourceTree = "<group>"; };
		6101C2BE1CF5E83B004BBBC8 /* default_icon.png */ = {isa = PBXFileReference; lastKnownFileType = image.png; path = default_icon.png; sourceTree = "<group>"; };
		6101C2BF1CF5E83B004BBBC8 /* icon_lock@2x.png */ = {isa = PBXFileReference; lastKnownFileType = image.png; path = "icon_lock@2x.png"; sourceTree = "<group>"; };
		6101C2C01CF5E83B004BBBC8 /* icon_lock@3x.png */ = {isa = PBXFileReference; lastKnownFileType = image.png; path = "icon_lock@3x.png"; sourceTree = "<group>"; };
		6101C2C11CF5E83B004BBBC8 /* icon_phone@2x.png */ = {isa = PBXFileReference; lastKnownFileType = image.png; path = "icon_phone@2x.png"; sourceTree = "<group>"; };
		6101C2C21CF5E83B004BBBC8 /* icon_phone@3x.png */ = {isa = PBXFileReference; lastKnownFileType = image.png; path = "icon_phone@3x.png"; sourceTree = "<group>"; };
		6101C2C31CF5E83B004BBBC8 /* 刷新.png */ = {isa = PBXFileReference; lastKnownFileType = image.png; path = "刷新.png"; sourceTree = "<group>"; };
		6101C2C41CF5E83B004BBBC8 /* 十字.png */ = {isa = PBXFileReference; lastKnownFileType = image.png; path = "十字.png"; sourceTree = "<group>"; };
		6101C2E31CF5E844004BBBC8 /* Core.h */ = {isa = PBXFileReference; fileEncoding = 4; lastKnownFileType = sourcecode.c.h; path = Core.h; sourceTree = "<group>"; };
		6101C2E41CF5E844004BBBC8 /* KEY.h */ = {isa = PBXFileReference; fileEncoding = 4; lastKnownFileType = sourcecode.c.h; path = KEY.h; sourceTree = "<group>"; };
		6101C2E51CF5E844004BBBC8 /* PrefixHeader.pch */ = {isa = PBXFileReference; fileEncoding = 4; lastKnownFileType = sourcecode.c.h; path = PrefixHeader.pch; sourceTree = "<group>"; };
		6101C2E61CF5EC9C004BBBC8 /* Assets.xcassets */ = {isa = PBXFileReference; lastKnownFileType = folder.assetcatalog; path = Assets.xcassets; sourceTree = "<group>"; };
		6101C2E81CF5F344004BBBC8 /* UIColor+ALWHexString.h */ = {isa = PBXFileReference; fileEncoding = 4; lastKnownFileType = sourcecode.c.h; path = "UIColor+ALWHexString.h"; sourceTree = "<group>"; };
		6101C2E91CF5F344004BBBC8 /* UIColor+ALWHexString.m */ = {isa = PBXFileReference; fileEncoding = 4; lastKnownFileType = sourcecode.c.objc; path = "UIColor+ALWHexString.m"; sourceTree = "<group>"; };
		6101C2EB1CF5F536004BBBC8 /* UIView+ALWHUD.h */ = {isa = PBXFileReference; fileEncoding = 4; lastKnownFileType = sourcecode.c.h; path = "UIView+ALWHUD.h"; sourceTree = "<group>"; };
		6101C2EC1CF5F536004BBBC8 /* UIView+ALWHUD.m */ = {isa = PBXFileReference; fileEncoding = 4; lastKnownFileType = sourcecode.c.objc; path = "UIView+ALWHUD.m"; sourceTree = "<group>"; };
/* End PBXFileReference section */

/* Begin PBXFrameworksBuildPhase section */
		2E00830E1C6479CA00BAA074 /* Frameworks */ = {
			isa = PBXFrameworksBuildPhase;
			buildActionMask = 2147483647;
			files = (
				2E5881EB1C6C950A00617114 /* libstdc++.tbd in Frameworks */,
				6101C2871CF5E832004BBBC8 /* SMS_SDK.framework in Frameworks */,
				2E5881E91C6C950200617114 /* JavaScriptCore.framework in Frameworks */,
				2E5881E71C6C94F800617114 /* MessageUI.framework in Frameworks */,
				2E5881E51C6C94F100617114 /* libicucore.tbd in Frameworks */,
				2E5881E31C6C94E700617114 /* libz.tbd in Frameworks */,
				3E8442B06C5CB4721A583086 /* libPods.a in Frameworks */,
				6101C2861CF5E832004BBBC8 /* MOBFoundation.framework in Frameworks */,
			);
			runOnlyForDeploymentPostprocessing = 0;
		};
		2E0083271C6479CA00BAA074 /* Frameworks */ = {
			isa = PBXFrameworksBuildPhase;
			buildActionMask = 2147483647;
			files = (
			);
			runOnlyForDeploymentPostprocessing = 0;
		};
		2E0083321C6479CA00BAA074 /* Frameworks */ = {
			isa = PBXFrameworksBuildPhase;
			buildActionMask = 2147483647;
			files = (
			);
			runOnlyForDeploymentPostprocessing = 0;
		};
/* End PBXFrameworksBuildPhase section */

/* Begin PBXGroup section */
		0F92AB472B80282651C0C0B2 /* Pods */ = {
			isa = PBXGroup;
			children = (
				2989407DF6C48D9C0A7345A6 /* Pods.debug.xcconfig */,
				31A9FB3D97F4F5B38987AC2E /* Pods.release.xcconfig */,
			);
			name = Pods;
			sourceTree = "<group>";
		};
		2E0083081C6479CA00BAA074 = {
			isa = PBXGroup;
			children = (
				2E0083131C6479CA00BAA074 /* MiNote */,
				6101C2571CF5E81A004BBBC8 /* Common */,
				6101C2881CF5E83B004BBBC8 /* Modules */,
				6101C2BD1CF5E83B004BBBC8 /* Resources */,
				6101C27D1CF5E82A004BBBC8 /* Frameworks */,
				6101C27E1CF5E832004BBBC8 /* Library */,
				2E00832D1C6479CA00BAA074 /* MiNoteTests */,
				2E0083381C6479CA00BAA074 /* MiNoteUITests */,
				2E0083121C6479CA00BAA074 /* Products */,
				0F92AB472B80282651C0C0B2 /* Pods */,
				35065E29691EEE7878958A21 /* Frameworks */,
			);
			sourceTree = "<group>";
		};
		2E0083121C6479CA00BAA074 /* Products */ = {
			isa = PBXGroup;
			children = (
				2E0083111C6479CA00BAA074 /* MiNote.app */,
				2E00832A1C6479CA00BAA074 /* MiNoteTests.xctest */,
				2E0083351C6479CA00BAA074 /* MiNoteUITests.xctest */,
			);
			name = Products;
			sourceTree = "<group>";
		};
		2E0083131C6479CA00BAA074 /* MiNote */ = {
			isa = PBXGroup;
			children = (
				6101C2E21CF5E844004BBBC8 /* Supporting Files */,
				2E0083171C6479CA00BAA074 /* AppDelegate.h */,
				2E0083181C6479CA00BAA074 /* AppDelegate.m */,
				2E0083221C6479CA00BAA074 /* LaunchScreen.storyboard */,
				2E0083251C6479CA00BAA074 /* Info.plist */,
				2E0083141C6479CA00BAA074 /* Supporting Files */,
			);
			path = MiNote;
			sourceTree = "<group>";
		};
		2E0083141C6479CA00BAA074 /* Supporting Files */ = {
			isa = PBXGroup;
			children = (
				2E0083151C6479CA00BAA074 /* main.m */,
			);
			name = "Supporting Files";
			sourceTree = "<group>";
		};
		2E00832D1C6479CA00BAA074 /* MiNoteTests */ = {
			isa = PBXGroup;
			children = (
				2E00832E1C6479CA00BAA074 /* MiNoteTests.m */,
				2E0083301C6479CA00BAA074 /* Info.plist */,
			);
			path = MiNoteTests;
			sourceTree = "<group>";
		};
		2E0083381C6479CA00BAA074 /* MiNoteUITests */ = {
			isa = PBXGroup;
			children = (
				2E0083391C6479CA00BAA074 /* MiNoteUITests.m */,
				2E00833B1C6479CA00BAA074 /* Info.plist */,
			);
			path = MiNoteUITests;
			sourceTree = "<group>";
		};
		35065E29691EEE7878958A21 /* Frameworks */ = {
			isa = PBXGroup;
			children = (
				2E5881EA1C6C950A00617114 /* libstdc++.tbd */,
				2E5881E81C6C950200617114 /* JavaScriptCore.framework */,
				2E5881E61C6C94F800617114 /* MessageUI.framework */,
				2E5881E41C6C94F100617114 /* libicucore.tbd */,
				2E5881E21C6C94E700617114 /* libz.tbd */,
				31869F2964F93CC010F274FD /* libPods.a */,
			);
			name = Frameworks;
			sourceTree = "<group>";
		};
		6101C2571CF5E81A004BBBC8 /* Common */ = {
			isa = PBXGroup;
			children = (
				6101C2581CF5E81A004BBBC8 /* Base */,
				6101C2641CF5E81A004BBBC8 /* Catagory */,
				6101C2691CF5E81A004BBBC8 /* Tools */,
			);
			name = Common;
			path = MiNote/Common;
			sourceTree = "<group>";
		};
		6101C2581CF5E81A004BBBC8 /* Base */ = {
			isa = PBXGroup;
			children = (
				6101C2591CF5E81A004BBBC8 /* ALWCellDataAdapter.h */,
				6101C25A1CF5E81A004BBBC8 /* ALWCellDataAdapter.m */,
				6101C25B1CF5E81A004BBBC8 /* ALWBaseNavigationController.h */,
				6101C25C1CF5E81A004BBBC8 /* ALWBaseNavigationController.m */,
				6101C25D1CF5E81A004BBBC8 /* ALWBaseViewController.h */,
				6101C25E1CF5E81A004BBBC8 /* ALWBaseViewController.m */,
				6101C25F1CF5E81A004BBBC8 /* ALWBaseViewModel.h */,
				6101C2601CF5E81A004BBBC8 /* ALWBaseViewModel.m */,
				6101C2611CF5E81A004BBBC8 /* ALWBasicCell.h */,
				6101C2621CF5E81A004BBBC8 /* ALWBasicCell.m */,
				6101C2631CF5E81A004BBBC8 /* ALWZYReactiveView.h */,
			);
			path = Base;
			sourceTree = "<group>";
		};
		6101C2641CF5E81A004BBBC8 /* Catagory */ = {
			isa = PBXGroup;
			children = (
				6101C2EB1CF5F536004BBBC8 /* UIView+ALWHUD.h */,
				6101C2EC1CF5F536004BBBC8 /* UIView+ALWHUD.m */,
				6101C2E81CF5F344004BBBC8 /* UIColor+ALWHexString.h */,
				6101C2E91CF5F344004BBBC8 /* UIColor+ALWHexString.m */,
				6101C2671CF5E81A004BBBC8 /* NSData+AES.h */,
				6101C2681CF5E81A004BBBC8 /* NSData+AES.m */,
			);
			path = Catagory;
			sourceTree = "<group>";
		};
		6101C2691CF5E81A004BBBC8 /* Tools */ = {
			isa = PBXGroup;
			children = (
				6101C26A1CF5E81A004BBBC8 /* ALWPopOverView.h */,
				6101C26B1CF5E81A004BBBC8 /* ALWPopOverView.m */,
				6101C26C1CF5E81A004BBBC8 /* ALWZYbutton.h */,
				6101C26D1CF5E81A004BBBC8 /* ALWZYbutton.m */,
				18FBCF5A1CF7D6D0002370CE /* ALWZYLayer.h */,
				18FBCF5B1CF7D6D0002370CE /* ALWZYLayer.m */,
				6101C26E1CF5E81A004BBBC8 /* ALWZYTextField.h */,
				6101C26F1CF5E81A004BBBC8 /* ALWZYTextField.m */,
				6101C2701CF5E81A004BBBC8 /* ALWClient.h */,
				6101C2711CF5E81A004BBBC8 /* ALWClient.m */,
				184B6C921CF6C78B00C92A2D /* ALWGenericFunction.h */,
				184B6C931CF6C78B00C92A2D /* ALWGenericFunction.m */,
			);
			path = Tools;
			sourceTree = "<group>";
		};
		6101C27D1CF5E82A004BBBC8 /* Frameworks */ = {
			isa = PBXGroup;
			children = (
			);
			name = Frameworks;
			path = MiNote/Frameworks;
			sourceTree = "<group>";
		};
		6101C27E1CF5E832004BBBC8 /* Library */ = {
			isa = PBXGroup;
			children = (
				6101C27F1CF5E832004BBBC8 /* SMS_SDK */,
			);
			name = Library;
			path = MiNote/Library;
			sourceTree = "<group>";
		};
		6101C27F1CF5E832004BBBC8 /* SMS_SDK */ = {
			isa = PBXGroup;
			children = (
				6101C2801CF5E832004BBBC8 /* SMS_SDKLocalizable.strings */,
				6101C2821CF5E832004BBBC8 /* MOBFoundation.framework */,
				6101C2831CF5E832004BBBC8 /* SMS_SDK.framework */,
			);
			path = SMS_SDK;
			sourceTree = "<group>";
		};
		6101C2881CF5E83B004BBBC8 /* Modules */ = {
			isa = PBXGroup;
			children = (
				6101C2891CF5E83B004BBBC8 /* AddAccountView */,
				6101C29F1CF5E83B004BBBC8 /* Login */,
				6101C2AB1CF5E83B004BBBC8 /* Main */,
			);
			name = Modules;
			path = MiNote/Modules;
			sourceTree = "<group>";
		};
		6101C2891CF5E83B004BBBC8 /* AddAccountView */ = {
			isa = PBXGroup;
			children = (
				6101C28A1CF5E83B004BBBC8 /* Model */,
				6101C28D1CF5E83B004BBBC8 /* View */,
				6101C29A1CF5E83B004BBBC8 /* ViewModel */,
			);
			path = AddAccountView;
			sourceTree = "<group>";
		};
		6101C28A1CF5E83B004BBBC8 /* Model */ = {
			isa = PBXGroup;
			children = (
				6101C28B1CF5E83B004BBBC8 /* AddAccountModel.h */,
				6101C28C1CF5E83B004BBBC8 /* AddAccountModel.m */,
			);
			path = Model;
			sourceTree = "<group>";
		};
		6101C28D1CF5E83B004BBBC8 /* View */ = {
			isa = PBXGroup;
			children = (
				6101C2961CF5E83B004BBBC8 /* ALWZYAddAccountController.h */,
				6101C2971CF5E83B004BBBC8 /* ALWZYAddAccountController.m */,
			);
			path = View;
			sourceTree = "<group>";
		};
		6101C29A1CF5E83B004BBBC8 /* ViewModel */ = {
			isa = PBXGroup;
			children = (
				6101C29D1CF5E83B004BBBC8 /* ALWZYAddaccountViewModel.h */,
				6101C29E1CF5E83B004BBBC8 /* ALWZYAddaccountViewModel.m */,
			);
			path = ViewModel;
			sourceTree = "<group>";
		};
		6101C29F1CF5E83B004BBBC8 /* Login */ = {
			isa = PBXGroup;
			children = (
				6101C2A01CF5E83B004BBBC8 /* Model */,
				6101C2A31CF5E83B004BBBC8 /* View */,
				6101C2A61CF5E83B004BBBC8 /* ViewModel */,
			);
			path = Login;
			sourceTree = "<group>";
		};
		6101C2A01CF5E83B004BBBC8 /* Model */ = {
			isa = PBXGroup;
			children = (
				6101C2A11CF5E83B004BBBC8 /* ALWRegisterModel.h */,
				6101C2A21CF5E83B004BBBC8 /* ALWRegisterModel.m */,
			);
			path = Model;
			sourceTree = "<group>";
		};
		6101C2A31CF5E83B004BBBC8 /* View */ = {
			isa = PBXGroup;
			children = (
				6101C2A41CF5E83B004BBBC8 /* ALWRegisterViewController.h */,
				6101C2A51CF5E83B004BBBC8 /* ALWRegisterViewController.m */,
			);
			path = View;
			sourceTree = "<group>";
		};
		6101C2A61CF5E83B004BBBC8 /* ViewModel */ = {
			isa = PBXGroup;
			children = (
				6101C2A91CF5E83B004BBBC8 /* ALWRegisterViewModel.h */,
				6101C2AA1CF5E83B004BBBC8 /* ALWRegisterViewModel.m */,
			);
			path = ViewModel;
			sourceTree = "<group>";
		};
		6101C2AB1CF5E83B004BBBC8 /* Main */ = {
			isa = PBXGroup;
			children = (
				6101C2AC1CF5E83B004BBBC8 /* Model */,
				6101C2AF1CF5E83B004BBBC8 /* View */,
				6101C2B81CF5E83B004BBBC8 /* ViewModel */,
			);
			path = Main;
			sourceTree = "<group>";
		};
		6101C2AC1CF5E83B004BBBC8 /* Model */ = {
			isa = PBXGroup;
			children = (
				6101C2AD1CF5E83B004BBBC8 /* ALWMainViewSecretModel.h */,
				6101C2AE1CF5E83B004BBBC8 /* ALWMainViewSecretModel.m */,
			);
			path = Model;
			sourceTree = "<group>";
		};
		6101C2AF1CF5E83B004BBBC8 /* View */ = {
			isa = PBXGroup;
			children = (
				184B6C891CF68BD300C92A2D /* AccountCell.h */,
				184B6C8A1CF68BD300C92A2D /* AccountCell.m */,
				184B6C8B1CF68BD300C92A2D /* NoDataCell.h */,
				184B6C8C1CF68BD300C92A2D /* NoDataCell.m */,
				6101C2B61CF5E83B004BBBC8 /* ALWMainViewController.h */,
				6101C2B71CF5E83B004BBBC8 /* ALWMainViewController.m */,
			);
			path = View;
			sourceTree = "<group>";
		};
		6101C2B81CF5E83B004BBBC8 /* ViewModel */ = {
			isa = PBXGroup;
			children = (
				6101C2BB1CF5E83B004BBBC8 /* ALWMainViewModel.h */,
				6101C2BC1CF5E83B004BBBC8 /* ALWMainViewModel.m */,
			);
			path = ViewModel;
			sourceTree = "<group>";
		};
		6101C2BD1CF5E83B004BBBC8 /* Resources */ = {
			isa = PBXGroup;
			children = (
				6101C2E61CF5EC9C004BBBC8 /* Assets.xcassets */,
				6101C2BE1CF5E83B004BBBC8 /* default_icon.png */,
				6101C2BF1CF5E83B004BBBC8 /* icon_lock@2x.png */,
				6101C2C01CF5E83B004BBBC8 /* icon_lock@3x.png */,
				6101C2C11CF5E83B004BBBC8 /* icon_phone@2x.png */,
				6101C2C21CF5E83B004BBBC8 /* icon_phone@3x.png */,
				6101C2C31CF5E83B004BBBC8 /* 刷新.png */,
				6101C2C41CF5E83B004BBBC8 /* 十字.png */,
			);
			name = Resources;
			path = MiNote/Resources;
			sourceTree = "<group>";
		};
		6101C2E21CF5E844004BBBC8 /* Supporting Files */ = {
			isa = PBXGroup;
			children = (
				6101C2E31CF5E844004BBBC8 /* Core.h */,
				6101C2E41CF5E844004BBBC8 /* KEY.h */,
				6101C2E51CF5E844004BBBC8 /* PrefixHeader.pch */,
			);
			path = "Supporting Files";
			sourceTree = "<group>";
		};
/* End PBXGroup section */

/* Begin PBXNativeTarget section */
		2E0083101C6479CA00BAA074 /* MiNote */ = {
			isa = PBXNativeTarget;
			buildConfigurationList = 2E00833E1C6479CA00BAA074 /* Build configuration list for PBXNativeTarget "MiNote" */;
			buildPhases = (
				88931A4F60E566CB33374AF8 /* Check Pods Manifest.lock */,
				2E00830D1C6479CA00BAA074 /* Sources */,
				2E00830E1C6479CA00BAA074 /* Frameworks */,
				2E00830F1C6479CA00BAA074 /* Resources */,
				39434E25AAFF92DB802864C0 /* Embed Pods Frameworks */,
				CB07671D547279FD3A7C8879 /* Copy Pods Resources */,
			);
			buildRules = (
			);
			dependencies = (
			);
			name = MiNote;
			productName = MiNote;
			productReference = 2E0083111C6479CA00BAA074 /* MiNote.app */;
			productType = "com.apple.product-type.application";
		};
		2E0083291C6479CA00BAA074 /* MiNoteTests */ = {
			isa = PBXNativeTarget;
			buildConfigurationList = 2E0083411C6479CA00BAA074 /* Build configuration list for PBXNativeTarget "MiNoteTests" */;
			buildPhases = (
				2E0083261C6479CA00BAA074 /* Sources */,
				2E0083271C6479CA00BAA074 /* Frameworks */,
				2E0083281C6479CA00BAA074 /* Resources */,
			);
			buildRules = (
			);
			dependencies = (
				2E00832C1C6479CA00BAA074 /* PBXTargetDependency */,
			);
			name = MiNoteTests;
			productName = MiNoteTests;
			productReference = 2E00832A1C6479CA00BAA074 /* MiNoteTests.xctest */;
			productType = "com.apple.product-type.bundle.unit-test";
		};
		2E0083341C6479CA00BAA074 /* MiNoteUITests */ = {
			isa = PBXNativeTarget;
			buildConfigurationList = 2E0083441C6479CA00BAA074 /* Build configuration list for PBXNativeTarget "MiNoteUITests" */;
			buildPhases = (
				2E0083311C6479CA00BAA074 /* Sources */,
				2E0083321C6479CA00BAA074 /* Frameworks */,
				2E0083331C6479CA00BAA074 /* Resources */,
			);
			buildRules = (
			);
			dependencies = (
				2E0083371C6479CA00BAA074 /* PBXTargetDependency */,
			);
			name = MiNoteUITests;
			productName = MiNoteUITests;
			productReference = 2E0083351C6479CA00BAA074 /* MiNoteUITests.xctest */;
			productType = "com.apple.product-type.bundle.ui-testing";
		};
/* End PBXNativeTarget section */

/* Begin PBXProject section */
		2E0083091C6479CA00BAA074 /* Project object */ = {
			isa = PBXProject;
			attributes = {
				LastUpgradeCheck = 0720;
				ORGANIZATIONNAME = JohnGump;
				TargetAttributes = {
					2E0083101C6479CA00BAA074 = {
						CreatedOnToolsVersion = 7.2;
					};
					2E0083291C6479CA00BAA074 = {
						CreatedOnToolsVersion = 7.2;
						TestTargetID = 2E0083101C6479CA00BAA074;
					};
					2E0083341C6479CA00BAA074 = {
						CreatedOnToolsVersion = 7.2;
						TestTargetID = 2E0083101C6479CA00BAA074;
					};
				};
			};
			buildConfigurationList = 2E00830C1C6479CA00BAA074 /* Build configuration list for PBXProject "MiNote" */;
			compatibilityVersion = "Xcode 3.2";
			developmentRegion = English;
			hasScannedForEncodings = 0;
			knownRegions = (
				en,
				Base,
				"zh-Hans",
			);
			mainGroup = 2E0083081C6479CA00BAA074;
			productRefGroup = 2E0083121C6479CA00BAA074 /* Products */;
			projectDirPath = "";
			projectRoot = "";
			targets = (
				2E0083101C6479CA00BAA074 /* MiNote */,
				2E0083291C6479CA00BAA074 /* MiNoteTests */,
				2E0083341C6479CA00BAA074 /* MiNoteUITests */,
			);
		};
/* End PBXProject section */

/* Begin PBXResourcesBuildPhase section */
		2E00830F1C6479CA00BAA074 /* Resources */ = {
			isa = PBXResourcesBuildPhase;
			buildActionMask = 2147483647;
			files = (
				6101C2E01CF5E83B004BBBC8 /* 刷新.png in Resources */,
				6101C2DB1CF5E83B004BBBC8 /* default_icon.png in Resources */,
				6101C2DC1CF5E83B004BBBC8 /* icon_lock@2x.png in Resources */,
				6101C2DE1CF5E83B004BBBC8 /* icon_phone@2x.png in Resources */,
				6101C2E11CF5E83B004BBBC8 /* 十字.png in Resources */,
				2E0083241C6479CA00BAA074 /* LaunchScreen.storyboard in Resources */,
				6101C2DD1CF5E83B004BBBC8 /* icon_lock@3x.png in Resources */,
				6101C2DF1CF5E83B004BBBC8 /* icon_phone@3x.png in Resources */,
				6101C2E71CF5EC9C004BBBC8 /* Assets.xcassets in Resources */,
				6101C2851CF5E832004BBBC8 /* SMS_SDKLocalizable.strings in Resources */,
			);
			runOnlyForDeploymentPostprocessing = 0;
		};
		2E0083281C6479CA00BAA074 /* Resources */ = {
			isa = PBXResourcesBuildPhase;
			buildActionMask = 2147483647;
			files = (
			);
			runOnlyForDeploymentPostprocessing = 0;
		};
		2E0083331C6479CA00BAA074 /* Resources */ = {
			isa = PBXResourcesBuildPhase;
			buildActionMask = 2147483647;
			files = (
			);
			runOnlyForDeploymentPostprocessing = 0;
		};
/* End PBXResourcesBuildPhase section */

/* Begin PBXShellScriptBuildPhase section */
		39434E25AAFF92DB802864C0 /* Embed Pods Frameworks */ = {
			isa = PBXShellScriptBuildPhase;
			buildActionMask = 2147483647;
			files = (
			);
			inputPaths = (
			);
			name = "Embed Pods Frameworks";
			outputPaths = (
			);
			runOnlyForDeploymentPostprocessing = 0;
			shellPath = /bin/sh;
			shellScript = "\"${SRCROOT}/Pods/Target Support Files/Pods/Pods-frameworks.sh\"\n";
			showEnvVarsInLog = 0;
		};
		88931A4F60E566CB33374AF8 /* Check Pods Manifest.lock */ = {
			isa = PBXShellScriptBuildPhase;
			buildActionMask = 2147483647;
			files = (
			);
			inputPaths = (
			);
			name = "Check Pods Manifest.lock";
			outputPaths = (
			);
			runOnlyForDeploymentPostprocessing = 0;
			shellPath = /bin/sh;
			shellScript = "diff \"${PODS_ROOT}/../Podfile.lock\" \"${PODS_ROOT}/Manifest.lock\" > /dev/null\nif [[ $? != 0 ]] ; then\n    cat << EOM\nerror: The sandbox is not in sync with the Podfile.lock. Run 'pod install' or update your CocoaPods installation.\nEOM\n    exit 1\nfi\n";
			showEnvVarsInLog = 0;
		};
		CB07671D547279FD3A7C8879 /* Copy Pods Resources */ = {
			isa = PBXShellScriptBuildPhase;
			buildActionMask = 2147483647;
			files = (
			);
			inputPaths = (
			);
			name = "Copy Pods Resources";
			outputPaths = (
			);
			runOnlyForDeploymentPostprocessing = 0;
			shellPath = /bin/sh;
			shellScript = "\"${SRCROOT}/Pods/Target Support Files/Pods/Pods-resources.sh\"\n";
			showEnvVarsInLog = 0;
		};
/* End PBXShellScriptBuildPhase section */

/* Begin PBXSourcesBuildPhase section */
		2E00830D1C6479CA00BAA074 /* Sources */ = {
			isa = PBXSourcesBuildPhase;
			buildActionMask = 2147483647;
			files = (
				6101C2721CF5E81A004BBBC8 /* ALWCellDataAdapter.m in Sources */,
				6101C2D21CF5E83B004BBBC8 /* ALWRegisterViewModel.m in Sources */,
				6101C2731CF5E81A004BBBC8 /* ALWBaseNavigationController.m in Sources */,
				6101C2761CF5E81A004BBBC8 /* ALWBasicCell.m in Sources */,
				6101C2CB1CF5E83B004BBBC8 /* ALWZYAddAccountController.m in Sources */,
				184B6C8D1CF68BD300C92A2D /* AccountCell.m in Sources */,
				6101C2751CF5E81A004BBBC8 /* ALWBaseViewModel.m in Sources */,
				6101C2D31CF5E83B004BBBC8 /* ALWMainViewSecretModel.m in Sources */,
				6101C2ED1CF5F536004BBBC8 /* UIView+ALWHUD.m in Sources */,
				6101C2D01CF5E83B004BBBC8 /* ALWRegisterViewController.m in Sources */,
				6101C2791CF5E81A004BBBC8 /* ALWPopOverView.m in Sources */,
				6101C2CF1CF5E83B004BBBC8 /* ALWRegisterModel.m in Sources */,
				18FBCF5C1CF7D6D0002370CE /* ALWZYLayer.m in Sources */,
				6101C2781CF5E81A004BBBC8 /* NSData+AES.m in Sources */,
				6101C27B1CF5E81A004BBBC8 /* ALWZYTextField.m in Sources */,
				6101C2DA1CF5E83B004BBBC8 /* ALWMainViewModel.m in Sources */,
				184B6C941CF6C78B00C92A2D /* ALWGenericFunction.m in Sources */,
				6101C2741CF5E81A004BBBC8 /* ALWBaseViewController.m in Sources */,
				6101C2EA1CF5F344004BBBC8 /* UIColor+ALWHexString.m in Sources */,
				2E0083191C6479CA00BAA074 /* AppDelegate.m in Sources */,
				6101C27C1CF5E81A004BBBC8 /* ALWClient.m in Sources */,
				6101C2CE1CF5E83B004BBBC8 /* ALWZYAddaccountViewModel.m in Sources */,
				6101C2C51CF5E83B004BBBC8 /* AddAccountModel.m in Sources */,
				6101C2D81CF5E83B004BBBC8 /* ALWMainViewController.m in Sources */,
				2E0083161C6479CA00BAA074 /* main.m in Sources */,
				184B6C8E1CF68BD300C92A2D /* NoDataCell.m in Sources */,
				6101C27A1CF5E81A004BBBC8 /* ALWZYbutton.m in Sources */,
			);
			runOnlyForDeploymentPostprocessing = 0;
		};
		2E0083261C6479CA00BAA074 /* Sources */ = {
			isa = PBXSourcesBuildPhase;
			buildActionMask = 2147483647;
			files = (
				2E00832F1C6479CA00BAA074 /* MiNoteTests.m in Sources */,
			);
			runOnlyForDeploymentPostprocessing = 0;
		};
		2E0083311C6479CA00BAA074 /* Sources */ = {
			isa = PBXSourcesBuildPhase;
			buildActionMask = 2147483647;
			files = (
				2E00833A1C6479CA00BAA074 /* MiNoteUITests.m in Sources */,
			);
			runOnlyForDeploymentPostprocessing = 0;
		};
/* End PBXSourcesBuildPhase section */

/* Begin PBXTargetDependency section */
		2E00832C1C6479CA00BAA074 /* PBXTargetDependency */ = {
			isa = PBXTargetDependency;
			target = 2E0083101C6479CA00BAA074 /* MiNote */;
			targetProxy = 2E00832B1C6479CA00BAA074 /* PBXContainerItemProxy */;
		};
		2E0083371C6479CA00BAA074 /* PBXTargetDependency */ = {
			isa = PBXTargetDependency;
			target = 2E0083101C6479CA00BAA074 /* MiNote */;
			targetProxy = 2E0083361C6479CA00BAA074 /* PBXContainerItemProxy */;
		};
/* End PBXTargetDependency section */

/* Begin PBXVariantGroup section */
		2E0083221C6479CA00BAA074 /* LaunchScreen.storyboard */ = {
			isa = PBXVariantGroup;
			children = (
				2E0083231C6479CA00BAA074 /* Base */,
			);
			name = LaunchScreen.storyboard;
			sourceTree = "<group>";
		};
		6101C2801CF5E832004BBBC8 /* SMS_SDKLocalizable.strings */ = {
			isa = PBXVariantGroup;
			children = (
				6101C2811CF5E832004BBBC8 /* en */,
				6101C2841CF5E832004BBBC8 /* zh-Hans */,
			);
			name = SMS_SDKLocalizable.strings;
			sourceTree = "<group>";
		};
/* End PBXVariantGroup section */

/* Begin XCBuildConfiguration section */
		2E00833C1C6479CA00BAA074 /* Debug */ = {
			isa = XCBuildConfiguration;
			buildSettings = {
				ALWAYS_SEARCH_USER_PATHS = NO;
				CLANG_CXX_LANGUAGE_STANDARD = "gnu++0x";
				CLANG_CXX_LIBRARY = "libc++";
				CLANG_ENABLE_MODULES = YES;
				CLANG_ENABLE_OBJC_ARC = YES;
				CLANG_WARN_BOOL_CONVERSION = YES;
				CLANG_WARN_CONSTANT_CONVERSION = YES;
				CLANG_WARN_DIRECT_OBJC_ISA_USAGE = YES_ERROR;
				CLANG_WARN_EMPTY_BODY = YES;
				CLANG_WARN_ENUM_CONVERSION = YES;
				CLANG_WARN_INT_CONVERSION = YES;
				CLANG_WARN_OBJC_ROOT_CLASS = YES_ERROR;
				CLANG_WARN_UNREACHABLE_CODE = YES;
				CLANG_WARN__DUPLICATE_METHOD_MATCH = YES;
				CODE_SIGN_IDENTITY = "iPhone Distribution";
				"CODE_SIGN_IDENTITY[sdk=iphoneos*]" = "iPhone Distribution";
				COPY_PHASE_STRIP = NO;
				DEBUG_INFORMATION_FORMAT = dwarf;
				ENABLE_STRICT_OBJC_MSGSEND = YES;
				ENABLE_TESTABILITY = YES;
				GCC_C_LANGUAGE_STANDARD = gnu99;
				GCC_DYNAMIC_NO_PIC = NO;
				GCC_NO_COMMON_BLOCKS = YES;
				GCC_OPTIMIZATION_LEVEL = 0;
				GCC_PRECOMPILE_PREFIX_HEADER = YES;
				GCC_PREPROCESSOR_DEFINITIONS = (
					"DEBUG=1",
					"$(inherited)",
				);
				GCC_WARN_64_TO_32_BIT_CONVERSION = YES;
				GCC_WARN_ABOUT_RETURN_TYPE = YES_ERROR;
				GCC_WARN_UNDECLARED_SELECTOR = YES;
				GCC_WARN_UNINITIALIZED_AUTOS = YES_AGGRESSIVE;
				GCC_WARN_UNUSED_FUNCTION = YES;
				GCC_WARN_UNUSED_VARIABLE = YES;
				IPHONEOS_DEPLOYMENT_TARGET = 7.1;
				MTL_ENABLE_DEBUG_INFO = YES;
				ONLY_ACTIVE_ARCH = YES;
				SDKROOT = iphoneos;
				TARGETED_DEVICE_FAMILY = "1,2";
			};
			name = Debug;
		};
		2E00833D1C6479CA00BAA074 /* Release */ = {
			isa = XCBuildConfiguration;
			buildSettings = {
				ALWAYS_SEARCH_USER_PATHS = NO;
				CLANG_CXX_LANGUAGE_STANDARD = "gnu++0x";
				CLANG_CXX_LIBRARY = "libc++";
				CLANG_ENABLE_MODULES = YES;
				CLANG_ENABLE_OBJC_ARC = YES;
				CLANG_WARN_BOOL_CONVERSION = YES;
				CLANG_WARN_CONSTANT_CONVERSION = YES;
				CLANG_WARN_DIRECT_OBJC_ISA_USAGE = YES_ERROR;
				CLANG_WARN_EMPTY_BODY = YES;
				CLANG_WARN_ENUM_CONVERSION = YES;
				CLANG_WARN_INT_CONVERSION = YES;
				CLANG_WARN_OBJC_ROOT_CLASS = YES_ERROR;
				CLANG_WARN_UNREACHABLE_CODE = YES;
				CLANG_WARN__DUPLICATE_METHOD_MATCH = YES;
				CODE_SIGN_IDENTITY = "iPhone Distribution";
				"CODE_SIGN_IDENTITY[sdk=iphoneos*]" = "iPhone Distribution";
				COPY_PHASE_STRIP = NO;
				DEBUG_INFORMATION_FORMAT = "dwarf-with-dsym";
				ENABLE_NS_ASSERTIONS = NO;
				ENABLE_STRICT_OBJC_MSGSEND = YES;
				GCC_C_LANGUAGE_STANDARD = gnu99;
				GCC_NO_COMMON_BLOCKS = YES;
				GCC_PRECOMPILE_PREFIX_HEADER = YES;
				GCC_WARN_64_TO_32_BIT_CONVERSION = YES;
				GCC_WARN_ABOUT_RETURN_TYPE = YES_ERROR;
				GCC_WARN_UNDECLARED_SELECTOR = YES;
				GCC_WARN_UNINITIALIZED_AUTOS = YES_AGGRESSIVE;
				GCC_WARN_UNUSED_FUNCTION = YES;
				GCC_WARN_UNUSED_VARIABLE = YES;
				IPHONEOS_DEPLOYMENT_TARGET = 7.1;
				MTL_ENABLE_DEBUG_INFO = NO;
				PROVISIONING_PROFILE = "a49152cf-7979-4b53-b55a-b354bbf31246";
				SDKROOT = iphoneos;
				TARGETED_DEVICE_FAMILY = "1,2";
				VALIDATE_PRODUCT = YES;
			};
			name = Release;
		};
		2E00833F1C6479CA00BAA074 /* Debug */ = {
			isa = XCBuildConfiguration;
			baseConfigurationReference = 2989407DF6C48D9C0A7345A6 /* Pods.debug.xcconfig */;
			buildSettings = {
				ASSETCATALOG_COMPILER_APPICON_NAME = AppIcon;
				CODE_SIGN_IDENTITY = "iPhone Developer";
				"CODE_SIGN_IDENTITY[sdk=iphoneos*]" = "iPhone Developer";
				FRAMEWORK_SEARCH_PATHS = (
					"$(inherited)",
					"$(PROJECT_DIR)/MiNote/Classes/Other/SMS_SDK",
					"$(PROJECT_DIR)/MiNote/Library/SMS_SDK",
				);
				GCC_PRECOMPILE_PREFIX_HEADER = YES;
				GCC_PREFIX_HEADER = "$(SRCROOT)/MiNote/Supporting Files/PrefixHeader.pch";
				INFOPLIST_FILE = MiNote/Info.plist;
				IPHONEOS_DEPLOYMENT_TARGET = 8.0;
				LD_RUNPATH_SEARCH_PATHS = "$(inherited) @executable_path/Frameworks";
				PRODUCT_BUNDLE_IDENTIFIER = win.FreeJ.MiNote;
				PRODUCT_NAME = "$(TARGET_NAME)";
				PROVISIONING_PROFILE = "";
				TARGETED_DEVICE_FAMILY = "1,2";
			};
			name = Debug;
		};
		2E0083401C6479CA00BAA074 /* Release */ = {
			isa = XCBuildConfiguration;
			baseConfigurationReference = 31A9FB3D97F4F5B38987AC2E /* Pods.release.xcconfig */;
			buildSettings = {
				ASSETCATALOG_COMPILER_APPICON_NAME = AppIcon;
				CODE_SIGN_IDENTITY = "iPhone Developer";
				"CODE_SIGN_IDENTITY[sdk=iphoneos*]" = "iPhone Developer";
				FRAMEWORK_SEARCH_PATHS = (
					"$(inherited)",
					"$(PROJECT_DIR)/MiNote/Classes/Other/SMS_SDK",
					"$(PROJECT_DIR)/MiNote/Library/SMS_SDK",
				);
				GCC_PRECOMPILE_PREFIX_HEADER = YES;
				GCC_PREFIX_HEADER = "$(SRCROOT)/MiNote/Supporting Files/PrefixHeader.pch";
				INFOPLIST_FILE = MiNote/Info.plist;
				IPHONEOS_DEPLOYMENT_TARGET = 8.0;
				LD_RUNPATH_SEARCH_PATHS = "$(inherited) @executable_path/Frameworks";
				PRODUCT_BUNDLE_IDENTIFIER = win.FreeJ.MiNote;
				PRODUCT_NAME = "$(TARGET_NAME)";
				PROVISIONING_PROFILE = "";
				TARGETED_DEVICE_FAMILY = "1,2";
			};
			name = Release;
		};
		2E0083421C6479CA00BAA074 /* Debug */ = {
			isa = XCBuildConfiguration;
			buildSettings = {
				BUNDLE_LOADER = "$(TEST_HOST)";
				INFOPLIST_FILE = MiNoteTests/Info.plist;
				LD_RUNPATH_SEARCH_PATHS = "$(inherited) @executable_path/Frameworks @loader_path/Frameworks";
				PRODUCT_BUNDLE_IDENTIFIER = JohnGump.MiNoteTests;
				PRODUCT_NAME = "$(TARGET_NAME)";
				TEST_HOST = "$(BUILT_PRODUCTS_DIR)/MiNote.app/MiNote";
			};
			name = Debug;
		};
		2E0083431C6479CA00BAA074 /* Release */ = {
			isa = XCBuildConfiguration;
			buildSettings = {
				BUNDLE_LOADER = "$(TEST_HOST)";
				INFOPLIST_FILE = MiNoteTests/Info.plist;
				LD_RUNPATH_SEARCH_PATHS = "$(inherited) @executable_path/Frameworks @loader_path/Frameworks";
				PRODUCT_BUNDLE_IDENTIFIER = JohnGump.MiNoteTests;
				PRODUCT_NAME = "$(TARGET_NAME)";
				TEST_HOST = "$(BUILT_PRODUCTS_DIR)/MiNote.app/MiNote";
			};
			name = Release;
		};
		2E0083451C6479CA00BAA074 /* Debug */ = {
			isa = XCBuildConfiguration;
			buildSettings = {
				INFOPLIST_FILE = MiNoteUITests/Info.plist;
				LD_RUNPATH_SEARCH_PATHS = "$(inherited) @executable_path/Frameworks @loader_path/Frameworks";
				PRODUCT_BUNDLE_IDENTIFIER = JohnGump.MiNoteUITests;
				PRODUCT_NAME = "$(TARGET_NAME)";
				TEST_TARGET_NAME = MiNote;
				USES_XCTRUNNER = YES;
			};
			name = Debug;
		};
		2E0083461C6479CA00BAA074 /* Release */ = {
			isa = XCBuildConfiguration;
			buildSettings = {
				INFOPLIST_FILE = MiNoteUITests/Info.plist;
				LD_RUNPATH_SEARCH_PATHS = "$(inherited) @executable_path/Frameworks @loader_path/Frameworks";
				PRODUCT_BUNDLE_IDENTIFIER = JohnGump.MiNoteUITests;
				PRODUCT_NAME = "$(TARGET_NAME)";
				TEST_TARGET_NAME = MiNote;
				USES_XCTRUNNER = YES;
			};
			name = Release;
		};
/* End XCBuildConfiguration section */

/* Begin XCConfigurationList section */
		2E00830C1C6479CA00BAA074 /* Build configuration list for PBXProject "MiNote" */ = {
			isa = XCConfigurationList;
			buildConfigurations = (
				2E00833C1C6479CA00BAA074 /* Debug */,
				2E00833D1C6479CA00BAA074 /* Release */,
			);
			defaultConfigurationIsVisible = 0;
			defaultConfigurationName = Release;
		};
		2E00833E1C6479CA00BAA074 /* Build configuration list for PBXNativeTarget "MiNote" */ = {
			isa = XCConfigurationList;
			buildConfigurations = (
				2E00833F1C6479CA00BAA074 /* Debug */,
				2E0083401C6479CA00BAA074 /* Release */,
			);
			defaultConfigurationIsVisible = 0;
			defaultConfigurationName = Release;
		};
		2E0083411C6479CA00BAA074 /* Build configuration list for PBXNativeTarget "MiNoteTests" */ = {
			isa = XCConfigurationList;
			buildConfigurations = (
				2E0083421C6479CA00BAA074 /* Debug */,
				2E0083431C6479CA00BAA074 /* Release */,
			);
			defaultConfigurationIsVisible = 0;
			defaultConfigurationName = Release;
		};
		2E0083441C6479CA00BAA074 /* Build configuration list for PBXNativeTarget "MiNoteUITests" */ = {
			isa = XCConfigurationList;
			buildConfigurations = (
				2E0083451C6479CA00BAA074 /* Debug */,
				2E0083461C6479CA00BAA074 /* Release */,
			);
			defaultConfigurationIsVisible = 0;
			defaultConfigurationName = Release;
		};
/* End XCConfigurationList section */
	};
	rootObject = 2E0083091C6479CA00BAA074 /* Project object */;
}
