// !$*UTF8*$!
{
	archiveVersion = 1;
	classes = {
	};
	objectVersion = 46;
	objects = {

/* Begin PBXBuildFile section */
		2E0083161C6479CA00BAA074 /* main.m in Sources */ = {isa = PBXBuildFile; fileRef = 2E0083151C6479CA00BAA074 /* main.m */; };
		2E0083191C6479CA00BAA074 /* AppDelegate.m in Sources */ = {isa = PBXBuildFile; fileRef = 2E0083181C6479CA00BAA074 /* AppDelegate.m */; };
		2E0083211C6479CA00BAA074 /* Assets.xcassets in Resources */ = {isa = PBXBuildFile; fileRef = 2E0083201C6479CA00BAA074 /* Assets.xcassets */; };
		2E0083241C6479CA00BAA074 /* LaunchScreen.storyboard in Resources */ = {isa = PBXBuildFile; fileRef = 2E0083221C6479CA00BAA074 /* LaunchScreen.storyboard */; };
		2E00832F1C6479CA00BAA074 /* MiNoteTests.m in Sources */ = {isa = PBXBuildFile; fileRef = 2E00832E1C6479CA00BAA074 /* MiNoteTests.m */; };
		2E00833A1C6479CA00BAA074 /* MiNoteUITests.m in Sources */ = {isa = PBXBuildFile; fileRef = 2E0083391C6479CA00BAA074 /* MiNoteUITests.m */; };
		2E5881D81C6C5EC400617114 /* NSData+AES.m in Sources */ = {isa = PBXBuildFile; fileRef = 2E5881D71C6C5EC400617114 /* NSData+AES.m */; };
		2E5881DF1C6C94CD00617114 /* SMS_SDKLocalizable.strings in Resources */ = {isa = PBXBuildFile; fileRef = 2E5881DA1C6C94CD00617114 /* SMS_SDKLocalizable.strings */; };
		2E5881E01C6C94CD00617114 /* MOBFoundation.framework in Frameworks */ = {isa = PBXBuildFile; fileRef = 2E5881DC1C6C94CD00617114 /* MOBFoundation.framework */; };
		2E5881E11C6C94CD00617114 /* SMS_SDK.framework in Frameworks */ = {isa = PBXBuildFile; fileRef = 2E5881DD1C6C94CD00617114 /* SMS_SDK.framework */; };
		2E5881E31C6C94E700617114 /* libz.tbd in Frameworks */ = {isa = PBXBuildFile; fileRef = 2E5881E21C6C94E700617114 /* libz.tbd */; };
		2E5881E51C6C94F100617114 /* libicucore.tbd in Frameworks */ = {isa = PBXBuildFile; fileRef = 2E5881E41C6C94F100617114 /* libicucore.tbd */; };
		2E5881E71C6C94F800617114 /* MessageUI.framework in Frameworks */ = {isa = PBXBuildFile; fileRef = 2E5881E61C6C94F800617114 /* MessageUI.framework */; };
		2E5881E91C6C950200617114 /* JavaScriptCore.framework in Frameworks */ = {isa = PBXBuildFile; fileRef = 2E5881E81C6C950200617114 /* JavaScriptCore.framework */; };
		2E5881EB1C6C950A00617114 /* libstdc++.tbd in Frameworks */ = {isa = PBXBuildFile; fileRef = 2E5881EA1C6C950A00617114 /* libstdc++.tbd */; };
		2E5881FC1C6DF76C00617114 /* FJColor.m in Sources */ = {isa = PBXBuildFile; fileRef = 2E5881FB1C6DF76C00617114 /* FJColor.m */; };
		2E5882071C6E1C3700617114 /* icon_lock@2x.png in Resources */ = {isa = PBXBuildFile; fileRef = 2E5882031C6E1C3700617114 /* icon_lock@2x.png */; };
		2E5882081C6E1C3700617114 /* icon_lock@3x.png in Resources */ = {isa = PBXBuildFile; fileRef = 2E5882041C6E1C3700617114 /* icon_lock@3x.png */; };
		2E5882091C6E1C3700617114 /* icon_phone@2x.png in Resources */ = {isa = PBXBuildFile; fileRef = 2E5882051C6E1C3700617114 /* icon_phone@2x.png */; };
		2E58820A1C6E1C3700617114 /* icon_phone@3x.png in Resources */ = {isa = PBXBuildFile; fileRef = 2E5882061C6E1C3700617114 /* icon_phone@3x.png */; };
		2E5882111C6E20B700617114 /* SViewModel.m in Sources */ = {isa = PBXBuildFile; fileRef = 2E5882101C6E20B700617114 /* SViewModel.m */; };
		2E5882151C6E22D200617114 /* RegisterModel.m in Sources */ = {isa = PBXBuildFile; fileRef = 2E5882141C6E22D200617114 /* RegisterModel.m */; };
		2E58821A1C6F20C400617114 /* mainViewModel.m in Sources */ = {isa = PBXBuildFile; fileRef = 2E5882191C6F20C400617114 /* mainViewModel.m */; };
		2E5882251C6F260200617114 /* RegisterTableViewCell.m in Sources */ = {isa = PBXBuildFile; fileRef = 2E5882201C6F260200617114 /* RegisterTableViewCell.m */; };
		2E5882261C6F260200617114 /* RegisterTableViewCell.xib in Resources */ = {isa = PBXBuildFile; fileRef = 2E5882211C6F260200617114 /* RegisterTableViewCell.xib */; };
		2E5882271C6F260200617114 /* RegisterViewController.m in Sources */ = {isa = PBXBuildFile; fileRef = 2E5882231C6F260200617114 /* RegisterViewController.m */; };
		2E5882281C6F260200617114 /* RegisterViewController.xib in Resources */ = {isa = PBXBuildFile; fileRef = 2E5882241C6F260200617114 /* RegisterViewController.xib */; };
		2E58822C1C6F263B00617114 /* ViewController.m in Sources */ = {isa = PBXBuildFile; fileRef = 2E58822A1C6F263B00617114 /* ViewController.m */; };
		2E58822D1C6F263B00617114 /* ViewController.xib in Resources */ = {isa = PBXBuildFile; fileRef = 2E58822B1C6F263B00617114 /* ViewController.xib */; };
		2E5882361C6F271600617114 /* MainTableViewCell.m in Sources */ = {isa = PBXBuildFile; fileRef = 2E5882341C6F271600617114 /* MainTableViewCell.m */; };
		2E5882371C6F271600617114 /* MainTableViewCell.xib in Resources */ = {isa = PBXBuildFile; fileRef = 2E5882351C6F271600617114 /* MainTableViewCell.xib */; };
		2E58823E1C6F2B7200617114 /* SecretModel.m in Sources */ = {isa = PBXBuildFile; fileRef = 2E58823D1C6F2B7200617114 /* SecretModel.m */; };
		2E5882421C6F2BE500617114 /* AddAccountViewController.m in Sources */ = {isa = PBXBuildFile; fileRef = 2E5882401C6F2BE500617114 /* AddAccountViewController.m */; };
		2E5882431C6F2BE500617114 /* AddAccountViewController.xib in Resources */ = {isa = PBXBuildFile; fileRef = 2E5882411C6F2BE500617114 /* AddAccountViewController.xib */; };
		2E5882461C6F58BF00617114 /* AddAccountModel.m in Sources */ = {isa = PBXBuildFile; fileRef = 2E5882451C6F58BF00617114 /* AddAccountModel.m */; };
		2E58824A1C6F5F1C00617114 /* DataLoad.m in Sources */ = {isa = PBXBuildFile; fileRef = 2E5882491C6F5F1C00617114 /* DataLoad.m */; };
		2E58824E1C6F6AFF00617114 /* AddAccountTableViewCell.m in Sources */ = {isa = PBXBuildFile; fileRef = 2E58824C1C6F6AFF00617114 /* AddAccountTableViewCell.m */; };
		2E58824F1C6F6AFF00617114 /* AddAccountTableViewCell.xib in Resources */ = {isa = PBXBuildFile; fileRef = 2E58824D1C6F6AFF00617114 /* AddAccountTableViewCell.xib */; };
		2E5882521C6F6B9300617114 /* AddAccountViewModel.m in Sources */ = {isa = PBXBuildFile; fileRef = 2E5882511C6F6B9300617114 /* AddAccountViewModel.m */; };
		3E8442B06C5CB4721A583086 /* libPods.a in Frameworks */ = {isa = PBXBuildFile; fileRef = 31869F2964F93CC010F274FD /* libPods.a */; };
/* End PBXBuildFile section */

/* Begin PBXContainerItemProxy section */
		2E00832B1C6479CA00BAA074 /* PBXContainerItemProxy */ = {
			isa = PBXContainerItemProxy;
			containerPortal = 2E0083091C6479CA00BAA074 /* Project object */;
			proxyType = 1;
			remoteGlobalIDString = 2E0083101C6479CA00BAA074;
			remoteInfo = MiNote;
		};
		2E0083361C6479CA00BAA074 /* PBXContainerItemProxy */ = {
			isa = PBXContainerItemProxy;
			containerPortal = 2E0083091C6479CA00BAA074 /* Project object */;
			proxyType = 1;
			remoteGlobalIDString = 2E0083101C6479CA00BAA074;
			remoteInfo = MiNote;
		};
/* End PBXContainerItemProxy section */

/* Begin PBXFileReference section */
		2989407DF6C48D9C0A7345A6 /* Pods.debug.xcconfig */ = {isa = PBXFileReference; includeInIndex = 1; lastKnownFileType = text.xcconfig; name = Pods.debug.xcconfig; path = "Pods/Target Support Files/Pods/Pods.debug.xcconfig"; sourceTree = "<group>"; };
		2E0083111C6479CA00BAA074 /* MiNote.app */ = {isa = PBXFileReference; explicitFileType = wrapper.application; includeInIndex = 0; path = MiNote.app; sourceTree = BUILT_PRODUCTS_DIR; };
		2E0083151C6479CA00BAA074 /* main.m */ = {isa = PBXFileReference; lastKnownFileType = sourcecode.c.objc; path = main.m; sourceTree = "<group>"; };
		2E0083171C6479CA00BAA074 /* AppDelegate.h */ = {isa = PBXFileReference; lastKnownFileType = sourcecode.c.h; path = AppDelegate.h; sourceTree = "<group>"; };
		2E0083181C6479CA00BAA074 /* AppDelegate.m */ = {isa = PBXFileReference; lastKnownFileType = sourcecode.c.objc; path = AppDelegate.m; sourceTree = "<group>"; };
		2E0083201C6479CA00BAA074 /* Assets.xcassets */ = {isa = PBXFileReference; lastKnownFileType = folder.assetcatalog; path = Assets.xcassets; sourceTree = "<group>"; };
		2E0083231C6479CA00BAA074 /* Base */ = {isa = PBXFileReference; lastKnownFileType = file.storyboard; name = Base; path = Base.lproj/LaunchScreen.storyboard; sourceTree = "<group>"; };
		2E0083251C6479CA00BAA074 /* Info.plist */ = {isa = PBXFileReference; lastKnownFileType = text.plist.xml; path = Info.plist; sourceTree = "<group>"; };
		2E00832A1C6479CA00BAA074 /* MiNoteTests.xctest */ = {isa = PBXFileReference; explicitFileType = wrapper.cfbundle; includeInIndex = 0; path = MiNoteTests.xctest; sourceTree = BUILT_PRODUCTS_DIR; };
		2E00832E1C6479CA00BAA074 /* MiNoteTests.m */ = {isa = PBXFileReference; lastKnownFileType = sourcecode.c.objc; path = MiNoteTests.m; sourceTree = "<group>"; };
		2E0083301C6479CA00BAA074 /* Info.plist */ = {isa = PBXFileReference; lastKnownFileType = text.plist.xml; path = Info.plist; sourceTree = "<group>"; };
		2E0083351C6479CA00BAA074 /* MiNoteUITests.xctest */ = {isa = PBXFileReference; explicitFileType = wrapper.cfbundle; includeInIndex = 0; path = MiNoteUITests.xctest; sourceTree = BUILT_PRODUCTS_DIR; };
		2E0083391C6479CA00BAA074 /* MiNoteUITests.m */ = {isa = PBXFileReference; lastKnownFileType = sourcecode.c.objc; path = MiNoteUITests.m; sourceTree = "<group>"; };
		2E00833B1C6479CA00BAA074 /* Info.plist */ = {isa = PBXFileReference; lastKnownFileType = text.plist.xml; path = Info.plist; sourceTree = "<group>"; };
		2E5881D61C6C5EC400617114 /* NSData+AES.h */ = {isa = PBXFileReference; fileEncoding = 4; lastKnownFileType = sourcecode.c.h; path = "NSData+AES.h"; sourceTree = "<group>"; };
		2E5881D71C6C5EC400617114 /* NSData+AES.m */ = {isa = PBXFileReference; fileEncoding = 4; lastKnownFileType = sourcecode.c.objc; path = "NSData+AES.m"; sourceTree = "<group>"; };
		2E5881DB1C6C94CD00617114 /* en */ = {isa = PBXFileReference; lastKnownFileType = text.plist.strings; name = en; path = en.lproj/SMS_SDKLocalizable.strings; sourceTree = "<group>"; };
		2E5881DC1C6C94CD00617114 /* MOBFoundation.framework */ = {isa = PBXFileReference; lastKnownFileType = wrapper.framework; path = MOBFoundation.framework; sourceTree = "<group>"; };
		2E5881DD1C6C94CD00617114 /* SMS_SDK.framework */ = {isa = PBXFileReference; lastKnownFileType = wrapper.framework; path = SMS_SDK.framework; sourceTree = "<group>"; };
		2E5881DE1C6C94CD00617114 /* zh-Hans */ = {isa = PBXFileReference; lastKnownFileType = text.plist.strings; name = "zh-Hans"; path = "zh-Hans.lproj/SMS_SDKLocalizable.strings"; sourceTree = "<group>"; };
		2E5881E21C6C94E700617114 /* libz.tbd */ = {isa = PBXFileReference; lastKnownFileType = "sourcecode.text-based-dylib-definition"; name = libz.tbd; path = usr/lib/libz.tbd; sourceTree = SDKROOT; };
		2E5881E41C6C94F100617114 /* libicucore.tbd */ = {isa = PBXFileReference; lastKnownFileType = "sourcecode.text-based-dylib-definition"; name = libicucore.tbd; path = usr/lib/libicucore.tbd; sourceTree = SDKROOT; };
		2E5881E61C6C94F800617114 /* MessageUI.framework */ = {isa = PBXFileReference; lastKnownFileType = wrapper.framework; name = MessageUI.framework; path = System/Library/Frameworks/MessageUI.framework; sourceTree = SDKROOT; };
		2E5881E81C6C950200617114 /* JavaScriptCore.framework */ = {isa = PBXFileReference; lastKnownFileType = wrapper.framework; name = JavaScriptCore.framework; path = System/Library/Frameworks/JavaScriptCore.framework; sourceTree = SDKROOT; };
		2E5881EA1C6C950A00617114 /* libstdc++.tbd */ = {isa = PBXFileReference; lastKnownFileType = "sourcecode.text-based-dylib-definition"; name = "libstdc++.tbd"; path = "usr/lib/libstdc++.tbd"; sourceTree = SDKROOT; };
		2E5881F31C6CD52800617114 /* KEY.h */ = {isa = PBXFileReference; fileEncoding = 4; lastKnownFileType = sourcecode.c.h; path = KEY.h; sourceTree = "<group>"; };
		2E5881FA1C6DF76C00617114 /* FJColor.h */ = {isa = PBXFileReference; fileEncoding = 4; lastKnownFileType = sourcecode.c.h; path = FJColor.h; sourceTree = "<group>"; };
		2E5881FB1C6DF76C00617114 /* FJColor.m */ = {isa = PBXFileReference; fileEncoding = 4; lastKnownFileType = sourcecode.c.objc; path = FJColor.m; sourceTree = "<group>"; };
		2E5882031C6E1C3700617114 /* icon_lock@2x.png */ = {isa = PBXFileReference; lastKnownFileType = image.png; path = "icon_lock@2x.png"; sourceTree = "<group>"; };
		2E5882041C6E1C3700617114 /* icon_lock@3x.png */ = {isa = PBXFileReference; lastKnownFileType = image.png; path = "icon_lock@3x.png"; sourceTree = "<group>"; };
		2E5882051C6E1C3700617114 /* icon_phone@2x.png */ = {isa = PBXFileReference; lastKnownFileType = image.png; path = "icon_phone@2x.png"; sourceTree = "<group>"; };
		2E5882061C6E1C3700617114 /* icon_phone@3x.png */ = {isa = PBXFileReference; lastKnownFileType = image.png; path = "icon_phone@3x.png"; sourceTree = "<group>"; };
		2E58820F1C6E20B700617114 /* SViewModel.h */ = {isa = PBXFileReference; fileEncoding = 4; lastKnownFileType = sourcecode.c.h; path = SViewModel.h; sourceTree = "<group>"; };
		2E5882101C6E20B700617114 /* SViewModel.m */ = {isa = PBXFileReference; fileEncoding = 4; lastKnownFileType = sourcecode.c.objc; path = SViewModel.m; sourceTree = "<group>"; };
		2E5882131C6E22D200617114 /* RegisterModel.h */ = {isa = PBXFileReference; fileEncoding = 4; lastKnownFileType = sourcecode.c.h; path = RegisterModel.h; sourceTree = "<group>"; };
		2E5882141C6E22D200617114 /* RegisterModel.m */ = {isa = PBXFileReference; fileEncoding = 4; lastKnownFileType = sourcecode.c.objc; path = RegisterModel.m; sourceTree = "<group>"; };
		2E5882161C6EF2EF00617114 /* Core.h */ = {isa = PBXFileReference; fileEncoding = 4; lastKnownFileType = sourcecode.c.h; path = Core.h; sourceTree = "<group>"; };
		2E5882181C6F20C400617114 /* mainViewModel.h */ = {isa = PBXFileReference; fileEncoding = 4; lastKnownFileType = sourcecode.c.h; path = mainViewModel.h; sourceTree = "<group>"; };
		2E5882191C6F20C400617114 /* mainViewModel.m */ = {isa = PBXFileReference; fileEncoding = 4; lastKnownFileType = sourcecode.c.objc; path = mainViewModel.m; sourceTree = "<group>"; };
		2E58821F1C6F260200617114 /* RegisterTableViewCell.h */ = {isa = PBXFileReference; fileEncoding = 4; lastKnownFileType = sourcecode.c.h; path = RegisterTableViewCell.h; sourceTree = "<group>"; };
		2E5882201C6F260200617114 /* RegisterTableViewCell.m */ = {isa = PBXFileReference; fileEncoding = 4; lastKnownFileType = sourcecode.c.objc; path = RegisterTableViewCell.m; sourceTree = "<group>"; };
		2E5882211C6F260200617114 /* RegisterTableViewCell.xib */ = {isa = PBXFileReference; fileEncoding = 4; lastKnownFileType = file.xib; path = RegisterTableViewCell.xib; sourceTree = "<group>"; };
		2E5882221C6F260200617114 /* RegisterViewController.h */ = {isa = PBXFileReference; fileEncoding = 4; lastKnownFileType = sourcecode.c.h; path = RegisterViewController.h; sourceTree = "<group>"; };
		2E5882231C6F260200617114 /* RegisterViewController.m */ = {isa = PBXFileReference; fileEncoding = 4; lastKnownFileType = sourcecode.c.objc; path = RegisterViewController.m; sourceTree = "<group>"; };
		2E5882241C6F260200617114 /* RegisterViewController.xib */ = {isa = PBXFileReference; fileEncoding = 4; lastKnownFileType = file.xib; path = RegisterViewController.xib; sourceTree = "<group>"; };
		2E5882291C6F263B00617114 /* ViewController.h */ = {isa = PBXFileReference; fileEncoding = 4; lastKnownFileType = sourcecode.c.h; path = ViewController.h; sourceTree = "<group>"; };
		2E58822A1C6F263B00617114 /* ViewController.m */ = {isa = PBXFileReference; fileEncoding = 4; lastKnownFileType = sourcecode.c.objc; path = ViewController.m; sourceTree = "<group>"; };
		2E58822B1C6F263B00617114 /* ViewController.xib */ = {isa = PBXFileReference; fileEncoding = 4; lastKnownFileType = file.xib; path = ViewController.xib; sourceTree = "<group>"; };
		2E5882331C6F271600617114 /* MainTableViewCell.h */ = {isa = PBXFileReference; fileEncoding = 4; lastKnownFileType = sourcecode.c.h; path = MainTableViewCell.h; sourceTree = "<group>"; };
		2E5882341C6F271600617114 /* MainTableViewCell.m */ = {isa = PBXFileReference; fileEncoding = 4; lastKnownFileType = sourcecode.c.objc; path = MainTableViewCell.m; sourceTree = "<group>"; };
		2E5882351C6F271600617114 /* MainTableViewCell.xib */ = {isa = PBXFileReference; fileEncoding = 4; lastKnownFileType = file.xib; path = MainTableViewCell.xib; sourceTree = "<group>"; };
		2E58823C1C6F2B7200617114 /* SecretModel.h */ = {isa = PBXFileReference; fileEncoding = 4; lastKnownFileType = sourcecode.c.h; path = SecretModel.h; sourceTree = "<group>"; };
		2E58823D1C6F2B7200617114 /* SecretModel.m */ = {isa = PBXFileReference; fileEncoding = 4; lastKnownFileType = sourcecode.c.objc; path = SecretModel.m; sourceTree = "<group>"; };
		2E58823F1C6F2BE500617114 /* AddAccountViewController.h */ = {isa = PBXFileReference; fileEncoding = 4; lastKnownFileType = sourcecode.c.h; path = AddAccountViewController.h; sourceTree = "<group>"; };
		2E5882401C6F2BE500617114 /* AddAccountViewController.m */ = {isa = PBXFileReference; fileEncoding = 4; lastKnownFileType = sourcecode.c.objc; path = AddAccountViewController.m; sourceTree = "<group>"; };
		2E5882411C6F2BE500617114 /* AddAccountViewController.xib */ = {isa = PBXFileReference; fileEncoding = 4; lastKnownFileType = file.xib; path = AddAccountViewController.xib; sourceTree = "<group>"; };
		2E5882441C6F58BF00617114 /* AddAccountModel.h */ = {isa = PBXFileReference; fileEncoding = 4; lastKnownFileType = sourcecode.c.h; path = AddAccountModel.h; sourceTree = "<group>"; };
		2E5882451C6F58BF00617114 /* AddAccountModel.m */ = {isa = PBXFileReference; fileEncoding = 4; lastKnownFileType = sourcecode.c.objc; path = AddAccountModel.m; sourceTree = "<group>"; };
		2E5882481C6F5F1C00617114 /* DataLoad.h */ = {isa = PBXFileReference; fileEncoding = 4; lastKnownFileType = sourcecode.c.h; path = DataLoad.h; sourceTree = "<group>"; };
		2E5882491C6F5F1C00617114 /* DataLoad.m */ = {isa = PBXFileReference; fileEncoding = 4; lastKnownFileType = sourcecode.c.objc; path = DataLoad.m; sourceTree = "<group>"; };
		2E58824B1C6F6AFF00617114 /* AddAccountTableViewCell.h */ = {isa = PBXFileReference; fileEncoding = 4; lastKnownFileType = sourcecode.c.h; path = AddAccountTableViewCell.h; sourceTree = "<group>"; };
		2E58824C1C6F6AFF00617114 /* AddAccountTableViewCell.m */ = {isa = PBXFileReference; fileEncoding = 4; lastKnownFileType = sourcecode.c.objc; path = AddAccountTableViewCell.m; sourceTree = "<group>"; };
		2E58824D1C6F6AFF00617114 /* AddAccountTableViewCell.xib */ = {isa = PBXFileReference; fileEncoding = 4; lastKnownFileType = file.xib; path = AddAccountTableViewCell.xib; sourceTree = "<group>"; };
		2E5882501C6F6B9300617114 /* AddAccountViewModel.h */ = {isa = PBXFileReference; fileEncoding = 4; lastKnownFileType = sourcecode.c.h; path = AddAccountViewModel.h; sourceTree = "<group>"; };
		2E5882511C6F6B9300617114 /* AddAccountViewModel.m */ = {isa = PBXFileReference; fileEncoding = 4; lastKnownFileType = sourcecode.c.objc; path = AddAccountViewModel.m; sourceTree = "<group>"; };
		31869F2964F93CC010F274FD /* libPods.a */ = {isa = PBXFileReference; explicitFileType = archive.ar; includeInIndex = 0; path = libPods.a; sourceTree = BUILT_PRODUCTS_DIR; };
		31A9FB3D97F4F5B38987AC2E /* Pods.release.xcconfig */ = {isa = PBXFileReference; includeInIndex = 1; lastKnownFileType = text.xcconfig; name = Pods.release.xcconfig; path = "Pods/Target Support Files/Pods/Pods.release.xcconfig"; sourceTree = "<group>"; };
/* End PBXFileReference section */

/* Begin PBXFrameworksBuildPhase section */
		2E00830E1C6479CA00BAA074 /* Frameworks */ = {
			isa = PBXFrameworksBuildPhase;
			buildActionMask = 2147483647;
			files = (
				2E5881EB1C6C950A00617114 /* libstdc++.tbd in Frameworks */,
				2E5881E91C6C950200617114 /* JavaScriptCore.framework in Frameworks */,
				2E5881E71C6C94F800617114 /* MessageUI.framework in Frameworks */,
				2E5881E51C6C94F100617114 /* libicucore.tbd in Frameworks */,
				2E5881E31C6C94E700617114 /* libz.tbd in Frameworks */,
				2E5881E11C6C94CD00617114 /* SMS_SDK.framework in Frameworks */,
				2E5881E01C6C94CD00617114 /* MOBFoundation.framework in Frameworks */,
				3E8442B06C5CB4721A583086 /* libPods.a in Frameworks */,
			);
			runOnlyForDeploymentPostprocessing = 0;
		};
		2E0083271C6479CA00BAA074 /* Frameworks */ = {
			isa = PBXFrameworksBuildPhase;
			buildActionMask = 2147483647;
			files = (
			);
			runOnlyForDeploymentPostprocessing = 0;
		};
		2E0083321C6479CA00BAA074 /* Frameworks */ = {
			isa = PBXFrameworksBuildPhase;
			buildActionMask = 2147483647;
			files = (
			);
			runOnlyForDeploymentPostprocessing = 0;
		};
/* End PBXFrameworksBuildPhase section */

/* Begin PBXGroup section */
		0F92AB472B80282651C0C0B2 /* Pods */ = {
			isa = PBXGroup;
			children = (
				2989407DF6C48D9C0A7345A6 /* Pods.debug.xcconfig */,
				31A9FB3D97F4F5B38987AC2E /* Pods.release.xcconfig */,
			);
			name = Pods;
			sourceTree = "<group>";
		};
		2E0083081C6479CA00BAA074 = {
			isa = PBXGroup;
			children = (
				2E0083131C6479CA00BAA074 /* MiNote */,
				2E00832D1C6479CA00BAA074 /* MiNoteTests */,
				2E0083381C6479CA00BAA074 /* MiNoteUITests */,
				2E0083121C6479CA00BAA074 /* Products */,
				0F92AB472B80282651C0C0B2 /* Pods */,
				35065E29691EEE7878958A21 /* Frameworks */,
			);
			sourceTree = "<group>";
		};
		2E0083121C6479CA00BAA074 /* Products */ = {
			isa = PBXGroup;
			children = (
				2E0083111C6479CA00BAA074 /* MiNote.app */,
				2E00832A1C6479CA00BAA074 /* MiNoteTests.xctest */,
				2E0083351C6479CA00BAA074 /* MiNoteUITests.xctest */,
			);
			name = Products;
			sourceTree = "<group>";
		};
		2E0083131C6479CA00BAA074 /* MiNote */ = {
			isa = PBXGroup;
			children = (
				2E7DBC831C6B549100E33585 /* Classes */,
				2E0083171C6479CA00BAA074 /* AppDelegate.h */,
				2E0083181C6479CA00BAA074 /* AppDelegate.m */,
				2E0083201C6479CA00BAA074 /* Assets.xcassets */,
				2E0083221C6479CA00BAA074 /* LaunchScreen.storyboard */,
				2E0083251C6479CA00BAA074 /* Info.plist */,
				2E0083141C6479CA00BAA074 /* Supporting Files */,
			);
			path = MiNote;
			sourceTree = "<group>";
		};
		2E0083141C6479CA00BAA074 /* Supporting Files */ = {
			isa = PBXGroup;
			children = (
				2E0083151C6479CA00BAA074 /* main.m */,
			);
			name = "Supporting Files";
			sourceTree = "<group>";
		};
		2E00832D1C6479CA00BAA074 /* MiNoteTests */ = {
			isa = PBXGroup;
			children = (
				2E00832E1C6479CA00BAA074 /* MiNoteTests.m */,
				2E0083301C6479CA00BAA074 /* Info.plist */,
			);
			path = MiNoteTests;
			sourceTree = "<group>";
		};
		2E0083381C6479CA00BAA074 /* MiNoteUITests */ = {
			isa = PBXGroup;
			children = (
				2E0083391C6479CA00BAA074 /* MiNoteUITests.m */,
				2E00833B1C6479CA00BAA074 /* Info.plist */,
			);
			path = MiNoteUITests;
			sourceTree = "<group>";
		};
		2E5881D41C6C5D3900617114 /* Other */ = {
			isa = PBXGroup;
			children = (
				2E5881FA1C6DF76C00617114 /* FJColor.h */,
				2E5881FB1C6DF76C00617114 /* FJColor.m */,
				2E5881D91C6C94CD00617114 /* SMS_SDK */,
				2E5881D51C6C5D3900617114 /* Catagory */,
				2E5881F31C6CD52800617114 /* KEY.h */,
				2E5882161C6EF2EF00617114 /* Core.h */,
			);
			path = Other;
			sourceTree = "<group>";
		};
		2E5881D51C6C5D3900617114 /* Catagory */ = {
			isa = PBXGroup;
			children = (
				2E5881D61C6C5EC400617114 /* NSData+AES.h */,
				2E5881D71C6C5EC400617114 /* NSData+AES.m */,
			);
			path = Catagory;
			sourceTree = "<group>";
		};
		2E5881D91C6C94CD00617114 /* SMS_SDK */ = {
			isa = PBXGroup;
			children = (
				2E5881DA1C6C94CD00617114 /* SMS_SDKLocalizable.strings */,
				2E5881DC1C6C94CD00617114 /* MOBFoundation.framework */,
				2E5881DD1C6C94CD00617114 /* SMS_SDK.framework */,
			);
			path = SMS_SDK;
			sourceTree = "<group>";
		};
		2E5882021C6E1C0600617114 /* Resource */ = {
			isa = PBXGroup;
			children = (
				2E5882031C6E1C3700617114 /* icon_lock@2x.png */,
				2E5882041C6E1C3700617114 /* icon_lock@3x.png */,
				2E5882051C6E1C3700617114 /* icon_phone@2x.png */,
				2E5882061C6E1C3700617114 /* icon_phone@3x.png */,
			);
			path = Resource;
			sourceTree = "<group>";
		};
		2E58820E1C6E20B700617114 /* Register */ = {
			isa = PBXGroup;
			children = (
				2E58820F1C6E20B700617114 /* SViewModel.h */,
				2E5882101C6E20B700617114 /* SViewModel.m */,
			);
			path = Register;
			sourceTree = "<group>";
		};
		2E5882121C6E22C600617114 /* Register */ = {
			isa = PBXGroup;
			children = (
				2E5882131C6E22D200617114 /* RegisterModel.h */,
				2E5882141C6E22D200617114 /* RegisterModel.m */,
			);
			path = Register;
			sourceTree = "<group>";
		};
		2E5882171C6F20AD00617114 /* mainView */ = {
			isa = PBXGroup;
			children = (
				2E5882181C6F20C400617114 /* mainViewModel.h */,
				2E5882191C6F20C400617114 /* mainViewModel.m */,
			);
			path = mainView;
			sourceTree = "<group>";
		};
		2E58821D1C6F260200617114 /* Mian */ = {
			isa = PBXGroup;
			children = (
				2E5882291C6F263B00617114 /* ViewController.h */,
				2E58822A1C6F263B00617114 /* ViewController.m */,
				2E58822B1C6F263B00617114 /* ViewController.xib */,
				2E5882331C6F271600617114 /* MainTableViewCell.h */,
				2E5882341C6F271600617114 /* MainTableViewCell.m */,
				2E5882351C6F271600617114 /* MainTableViewCell.xib */,
			);
			path = Mian;
			sourceTree = "<group>";
		};
		2E58821E1C6F260200617114 /* Register */ = {
			isa = PBXGroup;
			children = (
				2E58821F1C6F260200617114 /* RegisterTableViewCell.h */,
				2E5882201C6F260200617114 /* RegisterTableViewCell.m */,
				2E5882211C6F260200617114 /* RegisterTableViewCell.xib */,
				2E5882221C6F260200617114 /* RegisterViewController.h */,
				2E5882231C6F260200617114 /* RegisterViewController.m */,
				2E5882241C6F260200617114 /* RegisterViewController.xib */,
			);
			path = Register;
			sourceTree = "<group>";
		};
		2E5882381C6F2AFF00617114 /* AddAccountView */ = {
			isa = PBXGroup;
			children = (
				2E58823F1C6F2BE500617114 /* AddAccountViewController.h */,
				2E5882401C6F2BE500617114 /* AddAccountViewController.m */,
				2E5882411C6F2BE500617114 /* AddAccountViewController.xib */,
				2E58824B1C6F6AFF00617114 /* AddAccountTableViewCell.h */,
				2E58824C1C6F6AFF00617114 /* AddAccountTableViewCell.m */,
				2E58824D1C6F6AFF00617114 /* AddAccountTableViewCell.xib */,
			);
			path = AddAccountView;
			sourceTree = "<group>";
		};
		2E5882391C6F2B1600617114 /* AddAccountView */ = {
			isa = PBXGroup;
			children = (
				2E5882501C6F6B9300617114 /* AddAccountViewModel.h */,
				2E5882511C6F6B9300617114 /* AddAccountViewModel.m */,
			);
			path = AddAccountView;
			sourceTree = "<group>";
		};
		2E58823A1C6F2B4100617114 /* AddAccount */ = {
			isa = PBXGroup;
			children = (
				2E5882441C6F58BF00617114 /* AddAccountModel.h */,
				2E5882451C6F58BF00617114 /* AddAccountModel.m */,
			);
			path = AddAccount;
			sourceTree = "<group>";
		};
		2E58823B1C6F2B7200617114 /* Main */ = {
			isa = PBXGroup;
			children = (
				2E58823C1C6F2B7200617114 /* SecretModel.h */,
				2E58823D1C6F2B7200617114 /* SecretModel.m */,
			);
			path = Main;
			sourceTree = "<group>";
		};
		2E5882471C6F5EF700617114 /* Tools */ = {
			isa = PBXGroup;
			children = (
				2E5882481C6F5F1C00617114 /* DataLoad.h */,
				2E5882491C6F5F1C00617114 /* DataLoad.m */,
			);
			path = Tools;
			sourceTree = "<group>";
		};
		2E7DBC831C6B549100E33585 /* Classes */ = {
			isa = PBXGroup;
			children = (
				2E5882471C6F5EF700617114 /* Tools */,
				2E5882021C6E1C0600617114 /* Resource */,
				2E5881D41C6C5D3900617114 /* Other */,
				2E7DBC841C6B549100E33585 /* Model */,
				2E7DBC851C6B549100E33585 /* ViewModel */,
				2E7DBC861C6B549100E33585 /* Views */,
			);
			path = Classes;
			sourceTree = "<group>";
		};
		2E7DBC841C6B549100E33585 /* Model */ = {
			isa = PBXGroup;
			children = (
				2E58823B1C6F2B7200617114 /* Main */,
				2E58823A1C6F2B4100617114 /* AddAccount */,
				2E5882121C6E22C600617114 /* Register */,
			);
			path = Model;
			sourceTree = "<group>";
		};
		2E7DBC851C6B549100E33585 /* ViewModel */ = {
			isa = PBXGroup;
			children = (
				2E5882391C6F2B1600617114 /* AddAccountView */,
				2E5882171C6F20AD00617114 /* mainView */,
				2E58820E1C6E20B700617114 /* Register */,
			);
			path = ViewModel;
			sourceTree = "<group>";
		};
		2E7DBC861C6B549100E33585 /* Views */ = {
			isa = PBXGroup;
			children = (
				2E5882381C6F2AFF00617114 /* AddAccountView */,
				2E58821D1C6F260200617114 /* Mian */,
				2E58821E1C6F260200617114 /* Register */,
			);
			path = Views;
			sourceTree = "<group>";
		};
		35065E29691EEE7878958A21 /* Frameworks */ = {
			isa = PBXGroup;
			children = (
				2E5881EA1C6C950A00617114 /* libstdc++.tbd */,
				2E5881E81C6C950200617114 /* JavaScriptCore.framework */,
				2E5881E61C6C94F800617114 /* MessageUI.framework */,
				2E5881E41C6C94F100617114 /* libicucore.tbd */,
				2E5881E21C6C94E700617114 /* libz.tbd */,
				31869F2964F93CC010F274FD /* libPods.a */,
			);
			name = Frameworks;
			sourceTree = "<group>";
		};
/* End PBXGroup section */

/* Begin PBXNativeTarget section */
		2E0083101C6479CA00BAA074 /* MiNote */ = {
			isa = PBXNativeTarget;
			buildConfigurationList = 2E00833E1C6479CA00BAA074 /* Build configuration list for PBXNativeTarget "MiNote" */;
			buildPhases = (
				88931A4F60E566CB33374AF8 /* Check Pods Manifest.lock */,
				2E00830D1C6479CA00BAA074 /* Sources */,
				2E00830E1C6479CA00BAA074 /* Frameworks */,
				2E00830F1C6479CA00BAA074 /* Resources */,
				39434E25AAFF92DB802864C0 /* Embed Pods Frameworks */,
				CB07671D547279FD3A7C8879 /* Copy Pods Resources */,
			);
			buildRules = (
			);
			dependencies = (
			);
			name = MiNote;
			productName = MiNote;
			productReference = 2E0083111C6479CA00BAA074 /* MiNote.app */;
			productType = "com.apple.product-type.application";
		};
		2E0083291C6479CA00BAA074 /* MiNoteTests */ = {
			isa = PBXNativeTarget;
			buildConfigurationList = 2E0083411C6479CA00BAA074 /* Build configuration list for PBXNativeTarget "MiNoteTests" */;
			buildPhases = (
				2E0083261C6479CA00BAA074 /* Sources */,
				2E0083271C6479CA00BAA074 /* Frameworks */,
				2E0083281C6479CA00BAA074 /* Resources */,
			);
			buildRules = (
			);
			dependencies = (
				2E00832C1C6479CA00BAA074 /* PBXTargetDependency */,
			);
			name = MiNoteTests;
			productName = MiNoteTests;
			productReference = 2E00832A1C6479CA00BAA074 /* MiNoteTests.xctest */;
			productType = "com.apple.product-type.bundle.unit-test";
		};
		2E0083341C6479CA00BAA074 /* MiNoteUITests */ = {
			isa = PBXNativeTarget;
			buildConfigurationList = 2E0083441C6479CA00BAA074 /* Build configuration list for PBXNativeTarget "MiNoteUITests" */;
			buildPhases = (
				2E0083311C6479CA00BAA074 /* Sources */,
				2E0083321C6479CA00BAA074 /* Frameworks */,
				2E0083331C6479CA00BAA074 /* Resources */,
			);
			buildRules = (
			);
			dependencies = (
				2E0083371C6479CA00BAA074 /* PBXTargetDependency */,
			);
			name = MiNoteUITests;
			productName = MiNoteUITests;
			productReference = 2E0083351C6479CA00BAA074 /* MiNoteUITests.xctest */;
			productType = "com.apple.product-type.bundle.ui-testing";
		};
/* End PBXNativeTarget section */

/* Begin PBXProject section */
		2E0083091C6479CA00BAA074 /* Project object */ = {
			isa = PBXProject;
			attributes = {
				LastUpgradeCheck = 0720;
				ORGANIZATIONNAME = JohnGump;
				TargetAttributes = {
					2E0083101C6479CA00BAA074 = {
						CreatedOnToolsVersion = 7.2;
						DevelopmentTeam = S2V9M6R7D7;
					};
					2E0083291C6479CA00BAA074 = {
						CreatedOnToolsVersion = 7.2;
						TestTargetID = 2E0083101C6479CA00BAA074;
					};
					2E0083341C6479CA00BAA074 = {
						CreatedOnToolsVersion = 7.2;
						TestTargetID = 2E0083101C6479CA00BAA074;
					};
				};
			};
			buildConfigurationList = 2E00830C1C6479CA00BAA074 /* Build configuration list for PBXProject "MiNote" */;
			compatibilityVersion = "Xcode 3.2";
			developmentRegion = English;
			hasScannedForEncodings = 0;
			knownRegions = (
				en,
				Base,
				"zh-Hans",
			);
			mainGroup = 2E0083081C6479CA00BAA074;
			productRefGroup = 2E0083121C6479CA00BAA074 /* Products */;
			projectDirPath = "";
			projectRoot = "";
			targets = (
				2E0083101C6479CA00BAA074 /* MiNote */,
				2E0083291C6479CA00BAA074 /* MiNoteTests */,
				2E0083341C6479CA00BAA074 /* MiNoteUITests */,
			);
		};
/* End PBXProject section */

/* Begin PBXResourcesBuildPhase section */
		2E00830F1C6479CA00BAA074 /* Resources */ = {
			isa = PBXResourcesBuildPhase;
			buildActionMask = 2147483647;
			files = (
				2E58822D1C6F263B00617114 /* ViewController.xib in Resources */,
				2E5882261C6F260200617114 /* RegisterTableViewCell.xib in Resources */,
				2E5882091C6E1C3700617114 /* icon_phone@2x.png in Resources */,
				2E5881DF1C6C94CD00617114 /* SMS_SDKLocalizable.strings in Resources */,
				2E5882081C6E1C3700617114 /* icon_lock@3x.png in Resources */,
				2E5882071C6E1C3700617114 /* icon_lock@2x.png in Resources */,
				2E5882371C6F271600617114 /* MainTableViewCell.xib in Resources */,
				2E58820A1C6E1C3700617114 /* icon_phone@3x.png in Resources */,
				2E0083241C6479CA00BAA074 /* LaunchScreen.storyboard in Resources */,
				2E0083211C6479CA00BAA074 /* Assets.xcassets in Resources */,
				2E58824F1C6F6AFF00617114 /* AddAccountTableViewCell.xib in Resources */,
				2E5882431C6F2BE500617114 /* AddAccountViewController.xib in Resources */,
				2E5882281C6F260200617114 /* RegisterViewController.xib in Resources */,
			);
			runOnlyForDeploymentPostprocessing = 0;
		};
		2E0083281C6479CA00BAA074 /* Resources */ = {
			isa = PBXResourcesBuildPhase;
			buildActionMask = 2147483647;
			files = (
			);
			runOnlyForDeploymentPostprocessing = 0;
		};
		2E0083331C6479CA00BAA074 /* Resources */ = {
			isa = PBXResourcesBuildPhase;
			buildActionMask = 2147483647;
			files = (
			);
			runOnlyForDeploymentPostprocessing = 0;
		};
/* End PBXResourcesBuildPhase section */

/* Begin PBXShellScriptBuildPhase section */
		39434E25AAFF92DB802864C0 /* Embed Pods Frameworks */ = {
			isa = PBXShellScriptBuildPhase;
			buildActionMask = 2147483647;
			files = (
			);
			inputPaths = (
			);
			name = "Embed Pods Frameworks";
			outputPaths = (
			);
			runOnlyForDeploymentPostprocessing = 0;
			shellPath = /bin/sh;
			shellScript = "\"${SRCROOT}/Pods/Target Support Files/Pods/Pods-frameworks.sh\"\n";
			showEnvVarsInLog = 0;
		};
		88931A4F60E566CB33374AF8 /* Check Pods Manifest.lock */ = {
			isa = PBXShellScriptBuildPhase;
			buildActionMask = 2147483647;
			files = (
			);
			inputPaths = (
			);
			name = "Check Pods Manifest.lock";
			outputPaths = (
			);
			runOnlyForDeploymentPostprocessing = 0;
			shellPath = /bin/sh;
			shellScript = "diff \"${PODS_ROOT}/../Podfile.lock\" \"${PODS_ROOT}/Manifest.lock\" > /dev/null\nif [[ $? != 0 ]] ; then\n    cat << EOM\nerror: The sandbox is not in sync with the Podfile.lock. Run 'pod install' or update your CocoaPods installation.\nEOM\n    exit 1\nfi\n";
			showEnvVarsInLog = 0;
		};
		CB07671D547279FD3A7C8879 /* Copy Pods Resources */ = {
			isa = PBXShellScriptBuildPhase;
			buildActionMask = 2147483647;
			files = (
			);
			inputPaths = (
			);
			name = "Copy Pods Resources";
			outputPaths = (
			);
			runOnlyForDeploymentPostprocessing = 0;
			shellPath = /bin/sh;
			shellScript = "\"${SRCROOT}/Pods/Target Support Files/Pods/Pods-resources.sh\"\n";
			showEnvVarsInLog = 0;
		};
/* End PBXShellScriptBuildPhase section */

/* Begin PBXSourcesBuildPhase section */
		2E00830D1C6479CA00BAA074 /* Sources */ = {
			isa = PBXSourcesBuildPhase;
			buildActionMask = 2147483647;
			files = (
				2E5882521C6F6B9300617114 /* AddAccountViewModel.m in Sources */,
				2E5881D81C6C5EC400617114 /* NSData+AES.m in Sources */,
				2E5882151C6E22D200617114 /* RegisterModel.m in Sources */,
				2E0083191C6479CA00BAA074 /* AppDelegate.m in Sources */,
				2E5882111C6E20B700617114 /* SViewModel.m in Sources */,
				2E5881FC1C6DF76C00617114 /* FJColor.m in Sources */,
				2E5882421C6F2BE500617114 /* AddAccountViewController.m in Sources */,
				2E58822C1C6F263B00617114 /* ViewController.m in Sources */,
				2E5882361C6F271600617114 /* MainTableViewCell.m in Sources */,
				2E58823E1C6F2B7200617114 /* SecretModel.m in Sources */,
				2E0083161C6479CA00BAA074 /* main.m in Sources */,
				2E5882271C6F260200617114 /* RegisterViewController.m in Sources */,
				2E58824A1C6F5F1C00617114 /* DataLoad.m in Sources */,
				2E5882461C6F58BF00617114 /* AddAccountModel.m in Sources */,
				2E58824E1C6F6AFF00617114 /* AddAccountTableViewCell.m in Sources */,
				2E58821A1C6F20C400617114 /* mainViewModel.m in Sources */,
				2E5882251C6F260200617114 /* RegisterTableViewCell.m in Sources */,
			);
			runOnlyForDeploymentPostprocessing = 0;
		};
		2E0083261C6479CA00BAA074 /* Sources */ = {
			isa = PBXSourcesBuildPhase;
			buildActionMask = 2147483647;
			files = (
				2E00832F1C6479CA00BAA074 /* MiNoteTests.m in Sources */,
			);
			runOnlyForDeploymentPostprocessing = 0;
		};
		2E0083311C6479CA00BAA074 /* Sources */ = {
			isa = PBXSourcesBuildPhase;
			buildActionMask = 2147483647;
			files = (
				2E00833A1C6479CA00BAA074 /* MiNoteUITests.m in Sources */,
			);
			runOnlyForDeploymentPostprocessing = 0;
		};
/* End PBXSourcesBuildPhase section */

/* Begin PBXTargetDependency section */
		2E00832C1C6479CA00BAA074 /* PBXTargetDependency */ = {
			isa = PBXTargetDependency;
			target = 2E0083101C6479CA00BAA074 /* MiNote */;
			targetProxy = 2E00832B1C6479CA00BAA074 /* PBXContainerItemProxy */;
		};
		2E0083371C6479CA00BAA074 /* PBXTargetDependency */ = {
			isa = PBXTargetDependency;
			target = 2E0083101C6479CA00BAA074 /* MiNote */;
			targetProxy = 2E0083361C6479CA00BAA074 /* PBXContainerItemProxy */;
		};
/* End PBXTargetDependency section */

/* Begin PBXVariantGroup section */
		2E0083221C6479CA00BAA074 /* LaunchScreen.storyboard */ = {
			isa = PBXVariantGroup;
			children = (
				2E0083231C6479CA00BAA074 /* Base */,
			);
			name = LaunchScreen.storyboard;
			sourceTree = "<group>";
		};
		2E5881DA1C6C94CD00617114 /* SMS_SDKLocalizable.strings */ = {
			isa = PBXVariantGroup;
			children = (
				2E5881DB1C6C94CD00617114 /* en */,
				2E5881DE1C6C94CD00617114 /* zh-Hans */,
			);
			name = SMS_SDKLocalizable.strings;
			sourceTree = "<group>";
		};
/* End PBXVariantGroup section */

/* Begin XCBuildConfiguration section */
		2E00833C1C6479CA00BAA074 /* Debug */ = {
			isa = XCBuildConfiguration;
			buildSettings = {
				ALWAYS_SEARCH_USER_PATHS = NO;
				CLANG_CXX_LANGUAGE_STANDARD = "gnu++0x";
				CLANG_CXX_LIBRARY = "libc++";
				CLANG_ENABLE_MODULES = YES;
				CLANG_ENABLE_OBJC_ARC = YES;
				CLANG_WARN_BOOL_CONVERSION = YES;
				CLANG_WARN_CONSTANT_CONVERSION = YES;
				CLANG_WARN_DIRECT_OBJC_ISA_USAGE = YES_ERROR;
				CLANG_WARN_EMPTY_BODY = YES;
				CLANG_WARN_ENUM_CONVERSION = YES;
				CLANG_WARN_INT_CONVERSION = YES;
				CLANG_WARN_OBJC_ROOT_CLASS = YES_ERROR;
				CLANG_WARN_UNREACHABLE_CODE = YES;
				CLANG_WARN__DUPLICATE_METHOD_MATCH = YES;
				CODE_SIGN_IDENTITY = "iPhone Distribution";
				"CODE_SIGN_IDENTITY[sdk=iphoneos*]" = "iPhone Distribution";
				COPY_PHASE_STRIP = NO;
				DEBUG_INFORMATION_FORMAT = dwarf;
				ENABLE_STRICT_OBJC_MSGSEND = YES;
				ENABLE_TESTABILITY = YES;
				GCC_C_LANGUAGE_STANDARD = gnu99;
				GCC_DYNAMIC_NO_PIC = NO;
				GCC_NO_COMMON_BLOCKS = YES;
				GCC_OPTIMIZATION_LEVEL = 0;
				GCC_PRECOMPILE_PREFIX_HEADER = YES;
				GCC_PREPROCESSOR_DEFINITIONS = (
					"DEBUG=1",
					"$(inherited)",
				);
				GCC_WARN_64_TO_32_BIT_CONVERSION = YES;
				GCC_WARN_ABOUT_RETURN_TYPE = YES_ERROR;
				GCC_WARN_UNDECLARED_SELECTOR = YES;
				GCC_WARN_UNINITIALIZED_AUTOS = YES_AGGRESSIVE;
				GCC_WARN_UNUSED_FUNCTION = YES;
				GCC_WARN_UNUSED_VARIABLE = YES;
				IPHONEOS_DEPLOYMENT_TARGET = 9.2;
				MTL_ENABLE_DEBUG_INFO = YES;
				ONLY_ACTIVE_ARCH = YES;
				SDKROOT = iphoneos;
				TARGETED_DEVICE_FAMILY = "1,2";
			};
			name = Debug;
		};
		2E00833D1C6479CA00BAA074 /* Release */ = {
			isa = XCBuildConfiguration;
			buildSettings = {
				ALWAYS_SEARCH_USER_PATHS = NO;
				CLANG_CXX_LANGUAGE_STANDARD = "gnu++0x";
				CLANG_CXX_LIBRARY = "libc++";
				CLANG_ENABLE_MODULES = YES;
				CLANG_ENABLE_OBJC_ARC = YES;
				CLANG_WARN_BOOL_CONVERSION = YES;
				CLANG_WARN_CONSTANT_CONVERSION = YES;
				CLANG_WARN_DIRECT_OBJC_ISA_USAGE = YES_ERROR;
				CLANG_WARN_EMPTY_BODY = YES;
				CLANG_WARN_ENUM_CONVERSION = YES;
				CLANG_WARN_INT_CONVERSION = YES;
				CLANG_WARN_OBJC_ROOT_CLASS = YES_ERROR;
				CLANG_WARN_UNREACHABLE_CODE = YES;
				CLANG_WARN__DUPLICATE_METHOD_MATCH = YES;
				CODE_SIGN_IDENTITY = "iPhone Distribution";
				"CODE_SIGN_IDENTITY[sdk=iphoneos*]" = "iPhone Distribution";
				COPY_PHASE_STRIP = NO;
				DEBUG_INFORMATION_FORMAT = "dwarf-with-dsym";
				ENABLE_NS_ASSERTIONS = NO;
				ENABLE_STRICT_OBJC_MSGSEND = YES;
				GCC_C_LANGUAGE_STANDARD = gnu99;
				GCC_NO_COMMON_BLOCKS = YES;
				GCC_PRECOMPILE_PREFIX_HEADER = YES;
				GCC_WARN_64_TO_32_BIT_CONVERSION = YES;
				GCC_WARN_ABOUT_RETURN_TYPE = YES_ERROR;
				GCC_WARN_UNDECLARED_SELECTOR = YES;
				GCC_WARN_UNINITIALIZED_AUTOS = YES_AGGRESSIVE;
				GCC_WARN_UNUSED_FUNCTION = YES;
				GCC_WARN_UNUSED_VARIABLE = YES;
				IPHONEOS_DEPLOYMENT_TARGET = 9.2;
				MTL_ENABLE_DEBUG_INFO = NO;
				PROVISIONING_PROFILE = "d654338b-a121-4b8e-bbae-6356d34a5cd4";
				SDKROOT = iphoneos;
				TARGETED_DEVICE_FAMILY = "1,2";
				VALIDATE_PRODUCT = YES;
			};
			name = Release;
		};
		2E00833F1C6479CA00BAA074 /* Debug */ = {
			isa = XCBuildConfiguration;
			baseConfigurationReference = 2989407DF6C48D9C0A7345A6 /* Pods.debug.xcconfig */;
			buildSettings = {
				ASSETCATALOG_COMPILER_APPICON_NAME = AppIcon;
				CODE_SIGN_IDENTITY = "iPhone Distribution";
				"CODE_SIGN_IDENTITY[sdk=iphoneos*]" = "iPhone Distribution";
				FRAMEWORK_SEARCH_PATHS = (
					"$(inherited)",
					"$(PROJECT_DIR)/MiNote/Classes/Other/SMS_SDK",
				);
				INFOPLIST_FILE = MiNote/Info.plist;
				LD_RUNPATH_SEARCH_PATHS = "$(inherited) @executable_path/Frameworks";
				PRODUCT_BUNDLE_IDENTIFIER = win.FreeJ.MiNote;
				PRODUCT_NAME = "$(TARGET_NAME)";
				TARGETED_DEVICE_FAMILY = 1;
			};
			name = Debug;
		};
		2E0083401C6479CA00BAA074 /* Release */ = {
			isa = XCBuildConfiguration;
			baseConfigurationReference = 31A9FB3D97F4F5B38987AC2E /* Pods.release.xcconfig */;
			buildSettings = {
				ASSETCATALOG_COMPILER_APPICON_NAME = AppIcon;
				CODE_SIGN_IDENTITY = "iPhone Distribution";
				"CODE_SIGN_IDENTITY[sdk=iphoneos*]" = "iPhone Distribution";
				FRAMEWORK_SEARCH_PATHS = (
					"$(inherited)",
					"$(PROJECT_DIR)/MiNote/Classes/Other/SMS_SDK",
				);
				INFOPLIST_FILE = MiNote/Info.plist;
				LD_RUNPATH_SEARCH_PATHS = "$(inherited) @executable_path/Frameworks";
				PRODUCT_BUNDLE_IDENTIFIER = win.FreeJ.MiNote;
				PRODUCT_NAME = "$(TARGET_NAME)";
				PROVISIONING_PROFILE = "d654338b-a121-4b8e-bbae-6356d34a5cd4";
				TARGETED_DEVICE_FAMILY = 1;
			};
			name = Release;
		};
		2E0083421C6479CA00BAA074 /* Debug */ = {
			isa = XCBuildConfiguration;
			buildSettings = {
				BUNDLE_LOADER = "$(TEST_HOST)";
				INFOPLIST_FILE = MiNoteTests/Info.plist;
				LD_RUNPATH_SEARCH_PATHS = "$(inherited) @executable_path/Frameworks @loader_path/Frameworks";
				PRODUCT_BUNDLE_IDENTIFIER = JohnGump.MiNoteTests;
				PRODUCT_NAME = "$(TARGET_NAME)";
				TEST_HOST = "$(BUILT_PRODUCTS_DIR)/MiNote.app/MiNote";
			};
			name = Debug;
		};
		2E0083431C6479CA00BAA074 /* Release */ = {
			isa = XCBuildConfiguration;
			buildSettings = {
				BUNDLE_LOADER = "$(TEST_HOST)";
				INFOPLIST_FILE = MiNoteTests/Info.plist;
				LD_RUNPATH_SEARCH_PATHS = "$(inherited) @executable_path/Frameworks @loader_path/Frameworks";
				PRODUCT_BUNDLE_IDENTIFIER = JohnGump.MiNoteTests;
				PRODUCT_NAME = "$(TARGET_NAME)";
				TEST_HOST = "$(BUILT_PRODUCTS_DIR)/MiNote.app/MiNote";
			};
			name = Release;
		};
		2E0083451C6479CA00BAA074 /* Debug */ = {
			isa = XCBuildConfiguration;
			buildSettings = {
				INFOPLIST_FILE = MiNoteUITests/Info.plist;
				LD_RUNPATH_SEARCH_PATHS = "$(inherited) @executable_path/Frameworks @loader_path/Frameworks";
				PRODUCT_BUNDLE_IDENTIFIER = JohnGump.MiNoteUITests;
				PRODUCT_NAME = "$(TARGET_NAME)";
				TEST_TARGET_NAME = MiNote;
				USES_XCTRUNNER = YES;
			};
			name = Debug;
		};
		2E0083461C6479CA00BAA074 /* Release */ = {
			isa = XCBuildConfiguration;
			buildSettings = {
				INFOPLIST_FILE = MiNoteUITests/Info.plist;
				LD_RUNPATH_SEARCH_PATHS = "$(inherited) @executable_path/Frameworks @loader_path/Frameworks";
				PRODUCT_BUNDLE_IDENTIFIER = JohnGump.MiNoteUITests;
				PRODUCT_NAME = "$(TARGET_NAME)";
				TEST_TARGET_NAME = MiNote;
				USES_XCTRUNNER = YES;
			};
			name = Release;
		};
/* End XCBuildConfiguration section */

/* Begin XCConfigurationList section */
		2E00830C1C6479CA00BAA074 /* Build configuration list for PBXProject "MiNote" */ = {
			isa = XCConfigurationList;
			buildConfigurations = (
				2E00833C1C6479CA00BAA074 /* Debug */,
				2E00833D1C6479CA00BAA074 /* Release */,
			);
			defaultConfigurationIsVisible = 0;
			defaultConfigurationName = Release;
		};
		2E00833E1C6479CA00BAA074 /* Build configuration list for PBXNativeTarget "MiNote" */ = {
			isa = XCConfigurationList;
			buildConfigurations = (
				2E00833F1C6479CA00BAA074 /* Debug */,
				2E0083401C6479CA00BAA074 /* Release */,
			);
			defaultConfigurationIsVisible = 0;
			defaultConfigurationName = Release;
		};
		2E0083411C6479CA00BAA074 /* Build configuration list for PBXNativeTarget "MiNoteTests" */ = {
			isa = XCConfigurationList;
			buildConfigurations = (
				2E0083421C6479CA00BAA074 /* Debug */,
				2E0083431C6479CA00BAA074 /* Release */,
			);
			defaultConfigurationIsVisible = 0;
			defaultConfigurationName = Release;
		};
		2E0083441C6479CA00BAA074 /* Build configuration list for PBXNativeTarget "MiNoteUITests" */ = {
			isa = XCConfigurationList;
			buildConfigurations = (
				2E0083451C6479CA00BAA074 /* Debug */,
				2E0083461C6479CA00BAA074 /* Release */,
			);
			defaultConfigurationIsVisible = 0;
			defaultConfigurationName = Release;
		};
/* End XCConfigurationList section */
	};
	rootObject = 2E0083091C6479CA00BAA074 /* Project object */;
}
